
Microsoft Visual Studio Solution File, Format Version 12.00
# Visual Studio Version 16
VisualStudioVersion = 16.0.30804.86
MinimumVisualStudioVersion = 10.0.40219.1
Project("{FAE04EC0-301F-11D3-BF4B-00C04F79EFBC}") = "ApplicationConfig", "ApplicationConfig\ApplicationConfig.csproj", "{D917D046-2BA8-49DA-AEB9-C59DB342BB71}"
EndProject
Project("{FAE04EC0-301F-11D3-BF4B-00C04F79EFBC}") = "Mmc.Business", "Gvitech.Business\Mmc.Business.csproj", "{C7D093A7-927A-46DD-8728-B3E61736411A}"
	ProjectSection(ProjectDependencies) = postProject
		{22939209-2239-4851-8F9B-24B79823793A} = {22939209-2239-4851-8F9B-24B79823793A}
		{8F12BF24-3E61-46E6-8BAA-4BD059203ACA} = {8F12BF24-3E61-46E6-8BAA-4BD059203ACA}
		{6024D395-EA9F-4D2D-887A-0827E16613E2} = {6024D395-EA9F-4D2D-887A-0827E16613E2}
	EndProjectSection
EndProject
Project("{FAE04EC0-301F-11D3-BF4B-00C04F79EFBC}") = "Mmc.DataSourceAccess", "Gvitech.DataSourceAccess\Mmc.DataSourceAccess.csproj", "{24FDF0D9-FEC4-465B-915D-01FAE99E2184}"
	ProjectSection(ProjectDependencies) = postProject
		{8F12BF24-3E61-46E6-8BAA-4BD059203ACA} = {8F12BF24-3E61-46E6-8BAA-4BD059203ACA}
		{6024D395-EA9F-4D2D-887A-0827E16613E2} = {6024D395-EA9F-4D2D-887A-0827E16613E2}
		{C7D093A7-927A-46DD-8728-B3E61736411A} = {C7D093A7-927A-46DD-8728-B3E61736411A}
		{CD3991ED-0326-49CD-A83C-7816AAFD88B7} = {CD3991ED-0326-49CD-A83C-7816AAFD88B7}
	EndProjectSection
EndProject
Project("{FAE04EC0-301F-11D3-BF4B-00C04F79EFBC}") = "Mmc.Framework", "Gvitech.Framework\Mmc.Framework.csproj", "{22939209-2239-4851-8F9B-24B79823793A}"
	ProjectSection(ProjectDependencies) = postProject
		{6024D395-EA9F-4D2D-887A-0827E16613E2} = {6024D395-EA9F-4D2D-887A-0827E16613E2}
		{A3F5FB96-7422-4F2F-A996-2C5AA2F5D798} = {A3F5FB96-7422-4F2F-A996-2C5AA2F5D798}
	EndProjectSection
EndProject
Project("{FAE04EC0-301F-11D3-BF4B-00C04F79EFBC}") = "Mmc.Framework.Wpf", "Gvitech.Framework.Wpf\Mmc.Framework.Wpf.csproj", "{BEAAACD8-EFED-4E68-9165-1FB9BBD7C2B8}"
	ProjectSection(ProjectDependencies) = postProject
		{22939209-2239-4851-8F9B-24B79823793A} = {22939209-2239-4851-8F9B-24B79823793A}
		{6024D395-EA9F-4D2D-887A-0827E16613E2} = {6024D395-EA9F-4D2D-887A-0827E16613E2}
		{A3F5FB96-7422-4F2F-A996-2C5AA2F5D798} = {A3F5FB96-7422-4F2F-A996-2C5AA2F5D798}
	EndProjectSection
EndProject
Project("{FAE04EC0-301F-11D3-BF4B-00C04F79EFBC}") = "Mmc.LayerSymbol", "Gvitech.LayerSymbol\Mmc.LayerSymbol.csproj", "{F9F507C3-DD50-4179-B950-F86739C4EA19}"
	ProjectSection(ProjectDependencies) = postProject
		{8F12BF24-3E61-46E6-8BAA-4BD059203ACA} = {8F12BF24-3E61-46E6-8BAA-4BD059203ACA}
	EndProjectSection
EndProject
Project("{FAE04EC0-301F-11D3-BF4B-00C04F79EFBC}") = "Mmc.Platform", "Gvitech.Platform\Mmc.Platform.csproj", "{0E8E7281-A5E0-4D7E-9683-B7D33FF993F3}"
	ProjectSection(ProjectDependencies) = postProject
		{22939209-2239-4851-8F9B-24B79823793A} = {22939209-2239-4851-8F9B-24B79823793A}
		{8F12BF24-3E61-46E6-8BAA-4BD059203ACA} = {8F12BF24-3E61-46E6-8BAA-4BD059203ACA}
		{6024D395-EA9F-4D2D-887A-0827E16613E2} = {6024D395-EA9F-4D2D-887A-0827E16613E2}
		{A3F5FB96-7422-4F2F-A996-2C5AA2F5D798} = {A3F5FB96-7422-4F2F-A996-2C5AA2F5D798}
		{AAC59B9F-0157-479B-869E-808E3BDEAE8A} = {AAC59B9F-0157-479B-869E-808E3BDEAE8A}
	EndProjectSection
EndProject
Project("{FAE04EC0-301F-11D3-BF4B-00C04F79EFBC}") = "Mmc.Mspace.Common", "Gvitech.PoliceGis.Common\Mmc.Mspace.Common.csproj", "{CD3991ED-0326-49CD-A83C-7816AAFD88B7}"
	ProjectSection(ProjectDependencies) = postProject
		{8F12BF24-3E61-46E6-8BAA-4BD059203ACA} = {8F12BF24-3E61-46E6-8BAA-4BD059203ACA}
		{2EFE1860-3671-43C0-9E80-E0A80F438AC3} = {2EFE1860-3671-43C0-9E80-E0A80F438AC3}
	EndProjectSection
EndProject
Project("{FAE04EC0-301F-11D3-BF4B-00C04F79EFBC}") = "Mmc.Mspace.Const", "Gvitech.PoliceGis.Const\Mmc.Mspace.Const.csproj", "{149A90B6-D7BD-4B48-8DAF-2E8151C8CC6B}"
EndProject
Project("{FAE04EC0-301F-11D3-BF4B-00C04F79EFBC}") = "Mmc.Mspace.Main", "Gvitech.PoliceGis.Main\Mmc.Mspace.Main.csproj", "{3DF8EF1F-C9E2-4EB7-B0BE-2CC56B3EBECD}"
	ProjectSection(ProjectDependencies) = postProject
		{ADCC12CB-E1D2-436A-8C33-47484AE76E08} = {ADCC12CB-E1D2-436A-8C33-47484AE76E08}
	EndProjectSection
EndProject
Project("{FAE04EC0-301F-11D3-BF4B-00C04F79EFBC}") = "Mmc.Mspace.Models", "Gvitech.PoliceGis.Models\Mmc.Mspace.Models.csproj", "{EAB6D6D4-7D10-4999-BB95-9E5D1003F062}"
	ProjectSection(ProjectDependencies) = postProject
		{22939209-2239-4851-8F9B-24B79823793A} = {22939209-2239-4851-8F9B-24B79823793A}
		{8F12BF24-3E61-46E6-8BAA-4BD059203ACA} = {8F12BF24-3E61-46E6-8BAA-4BD059203ACA}
		{6024D395-EA9F-4D2D-887A-0827E16613E2} = {6024D395-EA9F-4D2D-887A-0827E16613E2}
		{CD3991ED-0326-49CD-A83C-7816AAFD88B7} = {CD3991ED-0326-49CD-A83C-7816AAFD88B7}
	EndProjectSection
EndProject
Project("{FAE04EC0-301F-11D3-BF4B-00C04F79EFBC}") = "Mmc.Mspace.Services", "Gvitech.PoliceGis.Services\Mmc.Mspace.Services.csproj", "{ADCC12CB-E1D2-436A-8C33-47484AE76E08}"
	ProjectSection(ProjectDependencies) = postProject
		{D917D046-2BA8-49DA-AEB9-C59DB342BB71} = {D917D046-2BA8-49DA-AEB9-C59DB342BB71}
		{0FAAF359-FCE7-4C30-AEDE-1B290ABCE6DE} = {0FAAF359-FCE7-4C30-AEDE-1B290ABCE6DE}
		{EAB6D6D4-7D10-4999-BB95-9E5D1003F062} = {EAB6D6D4-7D10-4999-BB95-9E5D1003F062}
	EndProjectSection
EndProject
Project("{FAE04EC0-301F-11D3-BF4B-00C04F79EFBC}") = "Mmc.Mspace.Theme", "Gvitech.PoliceGis.Theme\Mmc.Mspace.Theme.csproj", "{41C024CF-8B5D-4693-B3FF-8D36D2B753C4}"
	ProjectSection(ProjectDependencies) = postProject
		{0FAAF359-FCE7-4C30-AEDE-1B290ABCE6DE} = {0FAAF359-FCE7-4C30-AEDE-1B290ABCE6DE}
	EndProjectSection
EndProject
Project("{FAE04EC0-301F-11D3-BF4B-00C04F79EFBC}") = "Mmc.Windows", "Gvitech.Windows\Mmc.Windows.csproj", "{8F12BF24-3E61-46E6-8BAA-4BD059203ACA}"
EndProject
Project("{FAE04EC0-301F-11D3-BF4B-00C04F79EFBC}") = "Mmc.Windows.Framework", "Gvitech.Windows.Framework\Mmc.Windows.Framework.csproj", "{AAC59B9F-0157-479B-869E-808E3BDEAE8A}"
	ProjectSection(ProjectDependencies) = postProject
		{8F12BF24-3E61-46E6-8BAA-4BD059203ACA} = {8F12BF24-3E61-46E6-8BAA-4BD059203ACA}
	EndProjectSection
EndProject
Project("{FAE04EC0-301F-11D3-BF4B-00C04F79EFBC}") = "Mmc.Winform", "Gvitech.Winform\Mmc.Winform.csproj", "{DF7FB04A-7F44-450D-94F6-B2A41D104B27}"
EndProject
Project("{FAE04EC0-301F-11D3-BF4B-00C04F79EFBC}") = "Mmc.Wpf", "Gvitech.Wpf\Mmc.Wpf.csproj", "{2EFE1860-3671-43C0-9E80-E0A80F438AC3}"
EndProject
Project("{FAE04EC0-301F-11D3-BF4B-00C04F79EFBC}") = "Mmc.Wpf.Toolkit", "Gvitech.Wpf.Toolkit\Mmc.Wpf.Toolkit.csproj", "{0FAAF359-FCE7-4C30-AEDE-1B290ABCE6DE}"
	ProjectSection(ProjectDependencies) = postProject
		{8F12BF24-3E61-46E6-8BAA-4BD059203ACA} = {8F12BF24-3E61-46E6-8BAA-4BD059203ACA}
		{2EFE1860-3671-43C0-9E80-E0A80F438AC3} = {2EFE1860-3671-43C0-9E80-E0A80F438AC3}
	EndProjectSection
EndProject
Project("{FAE04EC0-301F-11D3-BF4B-00C04F79EFBC}") = "System.Extensions", "System.Extensions\System.Extensions.csproj", "{A3F5FB96-7422-4F2F-A996-2C5AA2F5D798}"
EndProject
Project("{FAE04EC0-301F-11D3-BF4B-00C04F79EFBC}") = "Mspace", "Gvitech.PoliceGis\Mspace.csproj", "{352EABEF-CA23-43CD-A44E-26F863C24BA4}"
	ProjectSection(ProjectDependencies) = postProject
		{22939209-2239-4851-8F9B-24B79823793A} = {22939209-2239-4851-8F9B-24B79823793A}
		{8F12BF24-3E61-46E6-8BAA-4BD059203ACA} = {8F12BF24-3E61-46E6-8BAA-4BD059203ACA}
		{F9B0F837-5EB0-42B1-9020-4214D038C0D3} = {F9B0F837-5EB0-42B1-9020-4214D038C0D3}
		{F9B0F837-5EB0-42B1-9020-4214D038C0D5} = {F9B0F837-5EB0-42B1-9020-4214D038C0D5}
		{F9B0F837-5EB0-42B1-9020-4214D038C0D6} = {F9B0F837-5EB0-42B1-9020-4214D038C0D6}
		{F9B0F837-5EB0-42B1-9020-4214D038C0D7} = {F9B0F837-5EB0-42B1-9020-4214D038C0D7}
		{F9B0F837-5EB0-42B1-9020-4214D038C0D8} = {F9B0F837-5EB0-42B1-9020-4214D038C0D8}
		{F9B0F837-5EB0-42B1-9020-4214D038C0D9} = {F9B0F837-5EB0-42B1-9020-4214D038C0D9}
		{F9B0F837-5EB0-42B1-9020-4214D038C0DA} = {F9B0F837-5EB0-42B1-9020-4214D038C0DA}
		{F9B0F837-5EB0-42B1-9020-4214D038C0DB} = {F9B0F837-5EB0-42B1-9020-4214D038C0DB}
		{F9B0F837-5EB0-42B1-9020-4214D038C0DC} = {F9B0F837-5EB0-42B1-9020-4214D038C0DC}
		{F9B0F837-5EB0-42B1-9020-4214D038C0DD} = {F9B0F837-5EB0-42B1-9020-4214D038C0DD}
		{D917D046-2BA8-49DA-AEB9-C59DB342BB71} = {D917D046-2BA8-49DA-AEB9-C59DB342BB71}
		{DF7FB04A-7F44-450D-94F6-B2A41D104B27} = {DF7FB04A-7F44-450D-94F6-B2A41D104B27}
		{0FAAF359-FCE7-4C30-AEDE-1B290ABCE6DE} = {0FAAF359-FCE7-4C30-AEDE-1B290ABCE6DE}
		{2EFE1860-3671-43C0-9E80-E0A80F438AC3} = {2EFE1860-3671-43C0-9E80-E0A80F438AC3}
		{1AD8BB6B-5896-469C-B805-6CC9B98367AE} = {1AD8BB6B-5896-469C-B805-6CC9B98367AE}
		{0E8E7281-A5E0-4D7E-9683-B7D33FF993F3} = {0E8E7281-A5E0-4D7E-9683-B7D33FF993F3}
		{6024D395-EA9F-4D2D-887A-0827E16613E2} = {6024D395-EA9F-4D2D-887A-0827E16613E2}
		{A3F5FB96-7422-4F2F-A996-2C5AA2F5D798} = {A3F5FB96-7422-4F2F-A996-2C5AA2F5D798}
		{AAC59B9F-0157-479B-869E-808E3BDEAE8A} = {AAC59B9F-0157-479B-869E-808E3BDEAE8A}
		{C7D093A7-927A-46DD-8728-B3E61736411A} = {C7D093A7-927A-46DD-8728-B3E61736411A}
		{F9F507C3-DD50-4179-B950-F86739C4EA19} = {F9F507C3-DD50-4179-B950-F86739C4EA19}
		{ADCC12CB-E1D2-436A-8C33-47484AE76E08} = {ADCC12CB-E1D2-436A-8C33-47484AE76E08}
		{41C024CF-8B5D-4693-B3FF-8D36D2B753C4} = {41C024CF-8B5D-4693-B3FF-8D36D2B753C4}
		{EAB6D6D4-7D10-4999-BB95-9E5D1003F062} = {EAB6D6D4-7D10-4999-BB95-9E5D1003F062}
		{BEAAACD8-EFED-4E68-9165-1FB9BBD7C2B8} = {BEAAACD8-EFED-4E68-9165-1FB9BBD7C2B8}
		{24FDF0D9-FEC4-465B-915D-01FAE99E2184} = {24FDF0D9-FEC4-465B-915D-01FAE99E2184}
		{4DD21CF7-3B94-4336-9774-AC09C552896B} = {4DD21CF7-3B94-4336-9774-AC09C552896B}
		{2A47AFF8-7743-4ADF-8890-45D189F7BA45} = {2A47AFF8-7743-4ADF-8890-45D189F7BA45}
	EndProjectSection
EndProject
Project("{FAE04EC0-301F-11D3-BF4B-00C04F79EFBC}") = "Gvitech.CityMaker.Extension", "Gvitech.CityMaker.Extension\Gvitech.CityMaker.Extension.csproj", "{6024D395-EA9F-4D2D-887A-0827E16613E2}"
	ProjectSection(ProjectDependencies) = postProject
		{8F12BF24-3E61-46E6-8BAA-4BD059203ACA} = {8F12BF24-3E61-46E6-8BAA-4BD059203ACA}
		{A3F5FB96-7422-4F2F-A996-2C5AA2F5D798} = {A3F5FB96-7422-4F2F-A996-2C5AA2F5D798}
	EndProjectSection
EndProject
Project("{2150E333-8FDC-42A3-9474-1A3956D46DE8}") = "Module", "Module", "{11CE61A4-3809-46B1-AE2C-E3638F50D877}"
EndProject
Project("{FAE04EC0-301F-11D3-BF4B-00C04F79EFBC}") = "Mmc.Mspace.CityViewModule", "Gvitech.PoliceGis.CityViewModule\Mmc.Mspace.CityViewModule.csproj", "{F9B0F837-5EB0-42B1-9020-4214D038C0D3}"
	ProjectSection(ProjectDependencies) = postProject
		{CD3991ED-0326-49CD-A83C-7816AAFD88B7} = {CD3991ED-0326-49CD-A83C-7816AAFD88B7}
	EndProjectSection
EndProject
Project("{FAE04EC0-301F-11D3-BF4B-00C04F79EFBC}") = "Mmc.Mspace.CoreModule", "Gvitech.PoliceGis.CoreModule\Mmc.Mspace.CoreModule.csproj", "{F9B0F837-5EB0-42B1-9020-4214D038C0D5}"
	ProjectSection(ProjectDependencies) = postProject
		{ADCC12CB-E1D2-436A-8C33-47484AE76E08} = {ADCC12CB-E1D2-436A-8C33-47484AE76E08}
	EndProjectSection
EndProject
Project("{FAE04EC0-301F-11D3-BF4B-00C04F79EFBC}") = "Mmc.Mspace.HumanAssociationModule", "Gvitech.PoliceGis.HumanAssociationModule\Mmc.Mspace.HumanAssociationModule.csproj", "{F9B0F837-5EB0-42B1-9020-4214D038C0D6}"
	ProjectSection(ProjectDependencies) = postProject
		{ADCC12CB-E1D2-436A-8C33-47484AE76E08} = {ADCC12CB-E1D2-436A-8C33-47484AE76E08}
	EndProjectSection
EndProject
Project("{FAE04EC0-301F-11D3-BF4B-00C04F79EFBC}") = "Mmc.Mspace.KeyBuildingsModule", "Gvitech.PoliceGis.KeyBuildingsModule\Mmc.Mspace.KeyBuildingsModule.csproj", "{F9B0F837-5EB0-42B1-9020-4214D038C0D7}"
	ProjectSection(ProjectDependencies) = postProject
		{8F12BF24-3E61-46E6-8BAA-4BD059203ACA} = {8F12BF24-3E61-46E6-8BAA-4BD059203ACA}
		{ADCC12CB-E1D2-436A-8C33-47484AE76E08} = {ADCC12CB-E1D2-436A-8C33-47484AE76E08}
		{CD3991ED-0326-49CD-A83C-7816AAFD88B7} = {CD3991ED-0326-49CD-A83C-7816AAFD88B7}
	EndProjectSection
EndProject
Project("{FAE04EC0-301F-11D3-BF4B-00C04F79EFBC}") = "Mmc.Mspace.NavigationModule", "Gvitech.PoliceGis.NavigationModule\Mmc.Mspace.NavigationModule.csproj", "{F9B0F837-5EB0-42B1-9020-4214D038C0D8}"
	ProjectSection(ProjectDependencies) = postProject
		{22939209-2239-4851-8F9B-24B79823793A} = {22939209-2239-4851-8F9B-24B79823793A}
		{6024D395-EA9F-4D2D-887A-0827E16613E2} = {6024D395-EA9F-4D2D-887A-0827E16613E2}
		{ADCC12CB-E1D2-436A-8C33-47484AE76E08} = {ADCC12CB-E1D2-436A-8C33-47484AE76E08}
		{BEAAACD8-EFED-4E68-9165-1FB9BBD7C2B8} = {BEAAACD8-EFED-4E68-9165-1FB9BBD7C2B8}
	EndProjectSection
EndProject
Project("{FAE04EC0-301F-11D3-BF4B-00C04F79EFBC}") = "Mmc.Mspace.PlanShowModule", "Gvitech.PoliceGis.PlanShowModule\Mmc.Mspace.PlanShowModule.csproj", "{F9B0F837-5EB0-42B1-9020-4214D038C0D9}"
	ProjectSection(ProjectDependencies) = postProject
		{8F12BF24-3E61-46E6-8BAA-4BD059203ACA} = {8F12BF24-3E61-46E6-8BAA-4BD059203ACA}
		{0FAAF359-FCE7-4C30-AEDE-1B290ABCE6DE} = {0FAAF359-FCE7-4C30-AEDE-1B290ABCE6DE}
		{2EFE1860-3671-43C0-9E80-E0A80F438AC3} = {2EFE1860-3671-43C0-9E80-E0A80F438AC3}
		{ADCC12CB-E1D2-436A-8C33-47484AE76E08} = {ADCC12CB-E1D2-436A-8C33-47484AE76E08}
		{EAB6D6D4-7D10-4999-BB95-9E5D1003F062} = {EAB6D6D4-7D10-4999-BB95-9E5D1003F062}
		{CD3991ED-0326-49CD-A83C-7816AAFD88B7} = {CD3991ED-0326-49CD-A83C-7816AAFD88B7}
	EndProjectSection
EndProject
Project("{FAE04EC0-301F-11D3-BF4B-00C04F79EFBC}") = "Mmc.Mspace.PoliceDeployedModule", "Gvitech.PoliceGis.PoliceDeployedModule\Mmc.Mspace.PoliceDeployedModule.csproj", "{F9B0F837-5EB0-42B1-9020-4214D038C0DA}"
	ProjectSection(ProjectDependencies) = postProject
		{0FAAF359-FCE7-4C30-AEDE-1B290ABCE6DE} = {0FAAF359-FCE7-4C30-AEDE-1B290ABCE6DE}
		{ADCC12CB-E1D2-436A-8C33-47484AE76E08} = {ADCC12CB-E1D2-436A-8C33-47484AE76E08}
	EndProjectSection
EndProject
Project("{FAE04EC0-301F-11D3-BF4B-00C04F79EFBC}") = "Mmc.Mspace.PoliceResourceModule", "Gvitech.PoliceGis.PoliceResourceModule\Mmc.Mspace.PoliceResourceModule.csproj", "{F9B0F837-5EB0-42B1-9020-4214D038C0DB}"
	ProjectSection(ProjectDependencies) = postProject
		{0FAAF359-FCE7-4C30-AEDE-1B290ABCE6DE} = {0FAAF359-FCE7-4C30-AEDE-1B290ABCE6DE}
		{ADCC12CB-E1D2-436A-8C33-47484AE76E08} = {ADCC12CB-E1D2-436A-8C33-47484AE76E08}
	EndProjectSection
EndProject
Project("{FAE04EC0-301F-11D3-BF4B-00C04F79EFBC}") = "Mmc.Mspace.StatisticsModule", "Gvitech.PoliceGis.StatisticsModule\Mmc.Mspace.StatisticsModule.csproj", "{F9B0F837-5EB0-42B1-9020-4214D038C0DC}"
	ProjectSection(ProjectDependencies) = postProject
		{ADCC12CB-E1D2-436A-8C33-47484AE76E08} = {ADCC12CB-E1D2-436A-8C33-47484AE76E08}
	EndProjectSection
EndProject
Project("{FAE04EC0-301F-11D3-BF4B-00C04F79EFBC}") = "Mmc.Mspace.ToolModule", "Gvitech.PoliceGis.ToolModule\Mmc.Mspace.ToolModule.csproj", "{F9B0F837-5EB0-42B1-9020-4214D038C0DD}"
	ProjectSection(ProjectDependencies) = postProject
		{0FAAF359-FCE7-4C30-AEDE-1B290ABCE6DE} = {0FAAF359-FCE7-4C30-AEDE-1B290ABCE6DE}
		{ADCC12CB-E1D2-436A-8C33-47484AE76E08} = {ADCC12CB-E1D2-436A-8C33-47484AE76E08}
	EndProjectSection
EndProject
Project("{FAE04EC0-301F-11D3-BF4B-00C04F79EFBC}") = "FireControlModule", "FireControlModule\FireControlModule.csproj", "{1AD8BB6B-5896-469C-B805-6CC9B98367AE}"
EndProject
Project("{FAE04EC0-301F-11D3-BF4B-00C04F79EFBC}") = "Mmc.Mspace.PoiManagerModule", "Mmc.Mspace.PoiManager\Mmc.Mspace.PoiManagerModule.csproj", "{4DD21CF7-3B94-4336-9774-AC09C552896B}"
EndProject
Project("{FAE04EC0-301F-11D3-BF4B-00C04F79EFBC}") = "Mmc.Mspace.UavModule", "Mmc.Mspace.UavModule\Mmc.Mspace.UavModule.csproj", "{2A47AFF8-7743-4ADF-8890-45D189F7BA45}"
EndProject
Project("{FAE04EC0-301F-11D3-BF4B-00C04F79EFBC}") = "Mmc.Mspace.RoutePlanning", "Mmc.Mspace.RoutePlanning\Mmc.Mspace.RoutePlanning.csproj", "{F2B97E15-9EC8-49B6-8EAD-6C8E1D933518}"
EndProject
Project("{FAE04EC0-301F-11D3-BF4B-00C04F79EFBC}") = "RisCaptureLib", "RisCaptureLib\RisCaptureLib.csproj", "{8A4AB453-39C7-4603-8A9C-63721C6F2167}"
EndProject
Project("{2150E333-8FDC-42A3-9474-1A3956D46DE8}") = "Solution Items", "Solution Items", "{C65E7AAC-EE83-4F3E-BBFE-FC5437C71C92}"
	ProjectSection(SolutionItems) = preProject
		InterfaceDocs.md = InterfaceDocs.md
	EndProjectSection
EndProject
Project("{FAE04EC0-301F-11D3-BF4B-00C04F79EFBC}") = "Mmc.Mspace.Project", "Mmc.Mspace.Project\Mmc.Mspace.Project.csproj", "{0BEEB286-23CB-49CF-9924-BBEB847073DA}"
EndProject
Project("{FAE04EC0-301F-11D3-BF4B-00C04F79EFBC}") = "Mmc.Mspace.Languagepack", "Mmc.Mspace.Languagepack\Mmc.Mspace.Languagepack.csproj", "{240A74AF-EDE0-4C47-97E0-F485AFEB69BF}"
EndProject
Project("{FAE04EC0-301F-11D3-BF4B-00C04F79EFBC}") = "Mmc.Mspace.IntelligentAnalysisModule", "Mmc.Mspace.IntelligentAnalysis\Mmc.Mspace.IntelligentAnalysisModule.csproj", "{9342BC75-2640-44B9-B3D9-9CEF16362481}"
EndProject
Project("{2150E333-8FDC-42A3-9474-1A3956D46DE8}") = "PythonScript", "PythonScript", "{C7BE407A-2EDA-42E8-93C2-EABAF8F0A354}"
	ProjectSection(SolutionItems) = preProject
		PythonScript\color_relief.txt = PythonScript\color_relief.txt
		PythonScript\DomReclassify.py = PythonScript\DomReclassify.py
		PythonScript\DsmSubstractAnalysis.py = PythonScript\DsmSubstractAnalysis.py
		PythonScript\DsmSubstractAnalysis2.py = PythonScript\DsmSubstractAnalysis2.py
		PythonScript\ImgCharacterAnalysis.py = PythonScript\ImgCharacterAnalysis.py
		PythonScript\VideoCharacterAnalysis.py = PythonScript\VideoCharacterAnalysis.py
	EndProjectSection
EndProject
Project("{FAE04EC0-301F-11D3-BF4B-00C04F79EFBC}") = "Mmc.Mspace.IotModule", "Mmc.Mspace.IotModule\Mmc.Mspace.IotModule.csproj", "{70DB019A-283F-4AE4-8174-3C448AC7D4F6}"
EndProject
Project("{FAE04EC0-301F-11D3-BF4B-00C04F79EFBC}") = "Mmc.Mspace.RegularInspectionModule", "Mmc.Mspace.RegularInspectionModule\Mmc.Mspace.RegularInspectionModule.csproj", "{31301F8D-E330-4E33-996C-D0AFA093DCD8}"
EndProject
Project("{FAE04EC0-301F-11D3-BF4B-00C04F79EFBC}") = "Mmc.MathUtil", "Mmc.MathUtil\Mmc.MathUtil.csproj", "{BB0E5078-E0F8-43D5-8620-E11425DCB3F7}"
EndProject
Project("{FAE04EC0-301F-11D3-BF4B-00C04F79EFBC}") = "Mmc.Mspace.WireTowerModule", "Mmc.Mspace.WireTowerModule\Mmc.Mspace.WireTowerModule.csproj", "{8CE8B8CC-8A00-405C-A33C-E2ED1DCBE5DA}"
EndProject
Project("{FAE04EC0-301F-11D3-BF4B-00C04F79EFBC}") = "TaskManagement", "TaskManagement\TaskManagement.csproj", "{90B1433F-DC89-4FDB-8096-065836D093AE}"
EndProject
Global
	GlobalSection(SolutionConfigurationPlatforms) = preSolution
		Debug|Any CPU = Debug|Any CPU
		Debug|ARM = Debug|ARM
		Debug|ARM64 = Debug|ARM64
		Debug|x64 = Debug|x64
		Debug|x86 = Debug|x86
		Release|Any CPU = Release|Any CPU
		Release|ARM = Release|ARM
		Release|ARM64 = Release|ARM64
		Release|x64 = Release|x64
		Release|x86 = Release|x86
	EndGlobalSection
	GlobalSection(ProjectConfigurationPlatforms) = postSolution
		{D917D046-2BA8-49DA-AEB9-C59DB342BB71}.Debug|Any CPU.ActiveCfg = Debug|Any CPU
		{D917D046-2BA8-49DA-AEB9-C59DB342BB71}.Debug|Any CPU.Build.0 = Debug|Any CPU
		{D917D046-2BA8-49DA-AEB9-C59DB342BB71}.Debug|ARM.ActiveCfg = Debug|Any CPU
		{D917D046-2BA8-49DA-AEB9-C59DB342BB71}.Debug|ARM.Build.0 = Debug|Any CPU
		{D917D046-2BA8-49DA-AEB9-C59DB342BB71}.Debug|ARM64.ActiveCfg = Debug|Any CPU
		{D917D046-2BA8-49DA-AEB9-C59DB342BB71}.Debug|ARM64.Build.0 = Debug|Any CPU
		{D917D046-2BA8-49DA-AEB9-C59DB342BB71}.Debug|x64.ActiveCfg = Debug|Any CPU
		{D917D046-2BA8-49DA-AEB9-C59DB342BB71}.Debug|x64.Build.0 = Debug|Any CPU
		{D917D046-2BA8-49DA-AEB9-C59DB342BB71}.Debug|x86.ActiveCfg = Debug|Any CPU
		{D917D046-2BA8-49DA-AEB9-C59DB342BB71}.Debug|x86.Build.0 = Debug|Any CPU
		{D917D046-2BA8-49DA-AEB9-C59DB342BB71}.Release|Any CPU.ActiveCfg = Release|Any CPU
		{D917D046-2BA8-49DA-AEB9-C59DB342BB71}.Release|Any CPU.Build.0 = Release|Any CPU
		{D917D046-2BA8-49DA-AEB9-C59DB342BB71}.Release|ARM.ActiveCfg = Release|Any CPU
		{D917D046-2BA8-49DA-AEB9-C59DB342BB71}.Release|ARM.Build.0 = Release|Any CPU
		{D917D046-2BA8-49DA-AEB9-C59DB342BB71}.Release|ARM64.ActiveCfg = Release|Any CPU
		{D917D046-2BA8-49DA-AEB9-C59DB342BB71}.Release|ARM64.Build.0 = Release|Any CPU
		{D917D046-2BA8-49DA-AEB9-C59DB342BB71}.Release|x64.ActiveCfg = Release|Any CPU
		{D917D046-2BA8-49DA-AEB9-C59DB342BB71}.Release|x64.Build.0 = Release|Any CPU
		{D917D046-2BA8-49DA-AEB9-C59DB342BB71}.Release|x86.ActiveCfg = Release|Any CPU
		{D917D046-2BA8-49DA-AEB9-C59DB342BB71}.Release|x86.Build.0 = Release|Any CPU
		{C7D093A7-927A-46DD-8728-B3E61736411A}.Debug|Any CPU.ActiveCfg = Debug|Any CPU
		{C7D093A7-927A-46DD-8728-B3E61736411A}.Debug|Any CPU.Build.0 = Debug|Any CPU
		{C7D093A7-927A-46DD-8728-B3E61736411A}.Debug|ARM.ActiveCfg = Debug|Any CPU
		{C7D093A7-927A-46DD-8728-B3E61736411A}.Debug|ARM.Build.0 = Debug|Any CPU
		{C7D093A7-927A-46DD-8728-B3E61736411A}.Debug|ARM64.ActiveCfg = Debug|Any CPU
		{C7D093A7-927A-46DD-8728-B3E61736411A}.Debug|ARM64.Build.0 = Debug|Any CPU
		{C7D093A7-927A-46DD-8728-B3E61736411A}.Debug|x64.ActiveCfg = Debug|Any CPU
		{C7D093A7-927A-46DD-8728-B3E61736411A}.Debug|x64.Build.0 = Debug|Any CPU
		{C7D093A7-927A-46DD-8728-B3E61736411A}.Debug|x86.ActiveCfg = Debug|Any CPU
		{C7D093A7-927A-46DD-8728-B3E61736411A}.Debug|x86.Build.0 = Debug|Any CPU
		{C7D093A7-927A-46DD-8728-B3E61736411A}.Release|Any CPU.ActiveCfg = Release|Any CPU
		{C7D093A7-927A-46DD-8728-B3E61736411A}.Release|Any CPU.Build.0 = Release|Any CPU
		{C7D093A7-927A-46DD-8728-B3E61736411A}.Release|ARM.ActiveCfg = Release|Any CPU
		{C7D093A7-927A-46DD-8728-B3E61736411A}.Release|ARM.Build.0 = Release|Any CPU
		{C7D093A7-927A-46DD-8728-B3E61736411A}.Release|ARM64.ActiveCfg = Release|Any CPU
		{C7D093A7-927A-46DD-8728-B3E61736411A}.Release|ARM64.Build.0 = Release|Any CPU
		{C7D093A7-927A-46DD-8728-B3E61736411A}.Release|x64.ActiveCfg = Release|Any CPU
		{C7D093A7-927A-46DD-8728-B3E61736411A}.Release|x64.Build.0 = Release|Any CPU
		{C7D093A7-927A-46DD-8728-B3E61736411A}.Release|x86.ActiveCfg = Release|Any CPU
		{C7D093A7-927A-46DD-8728-B3E61736411A}.Release|x86.Build.0 = Release|Any CPU
		{24FDF0D9-FEC4-465B-915D-01FAE99E2184}.Debug|Any CPU.ActiveCfg = Debug|Any CPU
		{24FDF0D9-FEC4-465B-915D-01FAE99E2184}.Debug|Any CPU.Build.0 = Debug|Any CPU
		{24FDF0D9-FEC4-465B-915D-01FAE99E2184}.Debug|ARM.ActiveCfg = Debug|Any CPU
		{24FDF0D9-FEC4-465B-915D-01FAE99E2184}.Debug|ARM.Build.0 = Debug|Any CPU
		{24FDF0D9-FEC4-465B-915D-01FAE99E2184}.Debug|ARM64.ActiveCfg = Debug|Any CPU
		{24FDF0D9-FEC4-465B-915D-01FAE99E2184}.Debug|ARM64.Build.0 = Debug|Any CPU
		{24FDF0D9-FEC4-465B-915D-01FAE99E2184}.Debug|x64.ActiveCfg = Debug|Any CPU
		{24FDF0D9-FEC4-465B-915D-01FAE99E2184}.Debug|x64.Build.0 = Debug|Any CPU
		{24FDF0D9-FEC4-465B-915D-01FAE99E2184}.Debug|x86.ActiveCfg = Debug|Any CPU
		{24FDF0D9-FEC4-465B-915D-01FAE99E2184}.Debug|x86.Build.0 = Debug|Any CPU
		{24FDF0D9-FEC4-465B-915D-01FAE99E2184}.Release|Any CPU.ActiveCfg = Release|Any CPU
		{24FDF0D9-FEC4-465B-915D-01FAE99E2184}.Release|Any CPU.Build.0 = Release|Any CPU
		{24FDF0D9-FEC4-465B-915D-01FAE99E2184}.Release|ARM.ActiveCfg = Release|Any CPU
		{24FDF0D9-FEC4-465B-915D-01FAE99E2184}.Release|ARM.Build.0 = Release|Any CPU
		{24FDF0D9-FEC4-465B-915D-01FAE99E2184}.Release|ARM64.ActiveCfg = Release|Any CPU
		{24FDF0D9-FEC4-465B-915D-01FAE99E2184}.Release|ARM64.Build.0 = Release|Any CPU
		{24FDF0D9-FEC4-465B-915D-01FAE99E2184}.Release|x64.ActiveCfg = Release|Any CPU
		{24FDF0D9-FEC4-465B-915D-01FAE99E2184}.Release|x64.Build.0 = Release|Any CPU
		{24FDF0D9-FEC4-465B-915D-01FAE99E2184}.Release|x86.ActiveCfg = Release|Any CPU
		{24FDF0D9-FEC4-465B-915D-01FAE99E2184}.Release|x86.Build.0 = Release|Any CPU
		{22939209-2239-4851-8F9B-24B79823793A}.Debug|Any CPU.ActiveCfg = Debug|Any CPU
		{22939209-2239-4851-8F9B-24B79823793A}.Debug|Any CPU.Build.0 = Debug|Any CPU
		{22939209-2239-4851-8F9B-24B79823793A}.Debug|ARM.ActiveCfg = Debug|Any CPU
		{22939209-2239-4851-8F9B-24B79823793A}.Debug|ARM.Build.0 = Debug|Any CPU
		{22939209-2239-4851-8F9B-24B79823793A}.Debug|ARM64.ActiveCfg = Debug|Any CPU
		{22939209-2239-4851-8F9B-24B79823793A}.Debug|ARM64.Build.0 = Debug|Any CPU
		{22939209-2239-4851-8F9B-24B79823793A}.Debug|x64.ActiveCfg = Debug|Any CPU
		{22939209-2239-4851-8F9B-24B79823793A}.Debug|x64.Build.0 = Debug|Any CPU
		{22939209-2239-4851-8F9B-24B79823793A}.Debug|x86.ActiveCfg = Debug|Any CPU
		{22939209-2239-4851-8F9B-24B79823793A}.Debug|x86.Build.0 = Debug|Any CPU
		{22939209-2239-4851-8F9B-24B79823793A}.Release|Any CPU.ActiveCfg = Release|Any CPU
		{22939209-2239-4851-8F9B-24B79823793A}.Release|Any CPU.Build.0 = Release|Any CPU
		{22939209-2239-4851-8F9B-24B79823793A}.Release|ARM.ActiveCfg = Release|Any CPU
		{22939209-2239-4851-8F9B-24B79823793A}.Release|ARM.Build.0 = Release|Any CPU
		{22939209-2239-4851-8F9B-24B79823793A}.Release|ARM64.ActiveCfg = Release|Any CPU
		{22939209-2239-4851-8F9B-24B79823793A}.Release|ARM64.Build.0 = Release|Any CPU
		{22939209-2239-4851-8F9B-24B79823793A}.Release|x64.ActiveCfg = Release|Any CPU
		{22939209-2239-4851-8F9B-24B79823793A}.Release|x64.Build.0 = Release|Any CPU
		{22939209-2239-4851-8F9B-24B79823793A}.Release|x86.ActiveCfg = Release|Any CPU
		{22939209-2239-4851-8F9B-24B79823793A}.Release|x86.Build.0 = Release|Any CPU
		{BEAAACD8-EFED-4E68-9165-1FB9BBD7C2B8}.Debug|Any CPU.ActiveCfg = Debug|Any CPU
		{BEAAACD8-EFED-4E68-9165-1FB9BBD7C2B8}.Debug|Any CPU.Build.0 = Debug|Any CPU
		{BEAAACD8-EFED-4E68-9165-1FB9BBD7C2B8}.Debug|ARM.ActiveCfg = Debug|Any CPU
		{BEAAACD8-EFED-4E68-9165-1FB9BBD7C2B8}.Debug|ARM.Build.0 = Debug|Any CPU
		{BEAAACD8-EFED-4E68-9165-1FB9BBD7C2B8}.Debug|ARM64.ActiveCfg = Debug|Any CPU
		{BEAAACD8-EFED-4E68-9165-1FB9BBD7C2B8}.Debug|ARM64.Build.0 = Debug|Any CPU
		{BEAAACD8-EFED-4E68-9165-1FB9BBD7C2B8}.Debug|x64.ActiveCfg = Debug|Any CPU
		{BEAAACD8-EFED-4E68-9165-1FB9BBD7C2B8}.Debug|x64.Build.0 = Debug|Any CPU
		{BEAAACD8-EFED-4E68-9165-1FB9BBD7C2B8}.Debug|x86.ActiveCfg = Debug|Any CPU
		{BEAAACD8-EFED-4E68-9165-1FB9BBD7C2B8}.Debug|x86.Build.0 = Debug|Any CPU
		{BEAAACD8-EFED-4E68-9165-1FB9BBD7C2B8}.Release|Any CPU.ActiveCfg = Release|Any CPU
		{BEAAACD8-EFED-4E68-9165-1FB9BBD7C2B8}.Release|Any CPU.Build.0 = Release|Any CPU
		{BEAAACD8-EFED-4E68-9165-1FB9BBD7C2B8}.Release|ARM.ActiveCfg = Release|Any CPU
		{BEAAACD8-EFED-4E68-9165-1FB9BBD7C2B8}.Release|ARM.Build.0 = Release|Any CPU
		{BEAAACD8-EFED-4E68-9165-1FB9BBD7C2B8}.Release|ARM64.ActiveCfg = Release|Any CPU
		{BEAAACD8-EFED-4E68-9165-1FB9BBD7C2B8}.Release|ARM64.Build.0 = Release|Any CPU
		{BEAAACD8-EFED-4E68-9165-1FB9BBD7C2B8}.Release|x64.ActiveCfg = Release|Any CPU
		{BEAAACD8-EFED-4E68-9165-1FB9BBD7C2B8}.Release|x64.Build.0 = Release|Any CPU
		{BEAAACD8-EFED-4E68-9165-1FB9BBD7C2B8}.Release|x86.ActiveCfg = Release|Any CPU
		{BEAAACD8-EFED-4E68-9165-1FB9BBD7C2B8}.Release|x86.Build.0 = Release|Any CPU
		{F9F507C3-DD50-4179-B950-F86739C4EA19}.Debug|Any CPU.ActiveCfg = Debug|Any CPU
		{F9F507C3-DD50-4179-B950-F86739C4EA19}.Debug|Any CPU.Build.0 = Debug|Any CPU
		{F9F507C3-DD50-4179-B950-F86739C4EA19}.Debug|ARM.ActiveCfg = Debug|Any CPU
		{F9F507C3-DD50-4179-B950-F86739C4EA19}.Debug|ARM.Build.0 = Debug|Any CPU
		{F9F507C3-DD50-4179-B950-F86739C4EA19}.Debug|ARM64.ActiveCfg = Debug|Any CPU
		{F9F507C3-DD50-4179-B950-F86739C4EA19}.Debug|ARM64.Build.0 = Debug|Any CPU
		{F9F507C3-DD50-4179-B950-F86739C4EA19}.Debug|x64.ActiveCfg = Debug|Any CPU
		{F9F507C3-DD50-4179-B950-F86739C4EA19}.Debug|x64.Build.0 = Debug|Any CPU
		{F9F507C3-DD50-4179-B950-F86739C4EA19}.Debug|x86.ActiveCfg = Debug|Any CPU
		{F9F507C3-DD50-4179-B950-F86739C4EA19}.Debug|x86.Build.0 = Debug|Any CPU
		{F9F507C3-DD50-4179-B950-F86739C4EA19}.Release|Any CPU.ActiveCfg = Release|Any CPU
		{F9F507C3-DD50-4179-B950-F86739C4EA19}.Release|Any CPU.Build.0 = Release|Any CPU
		{F9F507C3-DD50-4179-B950-F86739C4EA19}.Release|ARM.ActiveCfg = Release|Any CPU
		{F9F507C3-DD50-4179-B950-F86739C4EA19}.Release|ARM.Build.0 = Release|Any CPU
		{F9F507C3-DD50-4179-B950-F86739C4EA19}.Release|ARM64.ActiveCfg = Release|Any CPU
		{F9F507C3-DD50-4179-B950-F86739C4EA19}.Release|ARM64.Build.0 = Release|Any CPU
		{F9F507C3-DD50-4179-B950-F86739C4EA19}.Release|x64.ActiveCfg = Release|Any CPU
		{F9F507C3-DD50-4179-B950-F86739C4EA19}.Release|x64.Build.0 = Release|Any CPU
		{F9F507C3-DD50-4179-B950-F86739C4EA19}.Release|x86.ActiveCfg = Release|Any CPU
		{F9F507C3-DD50-4179-B950-F86739C4EA19}.Release|x86.Build.0 = Release|Any CPU
		{0E8E7281-A5E0-4D7E-9683-B7D33FF993F3}.Debug|Any CPU.ActiveCfg = Debug|Any CPU
		{0E8E7281-A5E0-4D7E-9683-B7D33FF993F3}.Debug|Any CPU.Build.0 = Debug|Any CPU
		{0E8E7281-A5E0-4D7E-9683-B7D33FF993F3}.Debug|ARM.ActiveCfg = Debug|Any CPU
		{0E8E7281-A5E0-4D7E-9683-B7D33FF993F3}.Debug|ARM.Build.0 = Debug|Any CPU
		{0E8E7281-A5E0-4D7E-9683-B7D33FF993F3}.Debug|ARM64.ActiveCfg = Debug|Any CPU
		{0E8E7281-A5E0-4D7E-9683-B7D33FF993F3}.Debug|ARM64.Build.0 = Debug|Any CPU
		{0E8E7281-A5E0-4D7E-9683-B7D33FF993F3}.Debug|x64.ActiveCfg = Debug|Any CPU
		{0E8E7281-A5E0-4D7E-9683-B7D33FF993F3}.Debug|x64.Build.0 = Debug|Any CPU
		{0E8E7281-A5E0-4D7E-9683-B7D33FF993F3}.Debug|x86.ActiveCfg = Debug|Any CPU
		{0E8E7281-A5E0-4D7E-9683-B7D33FF993F3}.Debug|x86.Build.0 = Debug|Any CPU
		{0E8E7281-A5E0-4D7E-9683-B7D33FF993F3}.Release|Any CPU.ActiveCfg = Release|Any CPU
		{0E8E7281-A5E0-4D7E-9683-B7D33FF993F3}.Release|Any CPU.Build.0 = Release|Any CPU
		{0E8E7281-A5E0-4D7E-9683-B7D33FF993F3}.Release|ARM.ActiveCfg = Release|Any CPU
		{0E8E7281-A5E0-4D7E-9683-B7D33FF993F3}.Release|ARM.Build.0 = Release|Any CPU
		{0E8E7281-A5E0-4D7E-9683-B7D33FF993F3}.Release|ARM64.ActiveCfg = Release|Any CPU
		{0E8E7281-A5E0-4D7E-9683-B7D33FF993F3}.Release|ARM64.Build.0 = Release|Any CPU
		{0E8E7281-A5E0-4D7E-9683-B7D33FF993F3}.Release|x64.ActiveCfg = Release|Any CPU
		{0E8E7281-A5E0-4D7E-9683-B7D33FF993F3}.Release|x64.Build.0 = Release|Any CPU
		{0E8E7281-A5E0-4D7E-9683-B7D33FF993F3}.Release|x86.ActiveCfg = Release|Any CPU
		{0E8E7281-A5E0-4D7E-9683-B7D33FF993F3}.Release|x86.Build.0 = Release|Any CPU
		{CD3991ED-0326-49CD-A83C-7816AAFD88B7}.Debug|Any CPU.ActiveCfg = Debug|Any CPU
		{CD3991ED-0326-49CD-A83C-7816AAFD88B7}.Debug|Any CPU.Build.0 = Debug|Any CPU
		{CD3991ED-0326-49CD-A83C-7816AAFD88B7}.Debug|ARM.ActiveCfg = Debug|Any CPU
		{CD3991ED-0326-49CD-A83C-7816AAFD88B7}.Debug|ARM.Build.0 = Debug|Any CPU
		{CD3991ED-0326-49CD-A83C-7816AAFD88B7}.Debug|ARM64.ActiveCfg = Debug|Any CPU
		{CD3991ED-0326-49CD-A83C-7816AAFD88B7}.Debug|ARM64.Build.0 = Debug|Any CPU
		{CD3991ED-0326-49CD-A83C-7816AAFD88B7}.Debug|x64.ActiveCfg = Debug|Any CPU
		{CD3991ED-0326-49CD-A83C-7816AAFD88B7}.Debug|x64.Build.0 = Debug|Any CPU
		{CD3991ED-0326-49CD-A83C-7816AAFD88B7}.Debug|x86.ActiveCfg = Debug|Any CPU
		{CD3991ED-0326-49CD-A83C-7816AAFD88B7}.Debug|x86.Build.0 = Debug|Any CPU
		{CD3991ED-0326-49CD-A83C-7816AAFD88B7}.Release|Any CPU.ActiveCfg = Release|Any CPU
		{CD3991ED-0326-49CD-A83C-7816AAFD88B7}.Release|Any CPU.Build.0 = Release|Any CPU
		{CD3991ED-0326-49CD-A83C-7816AAFD88B7}.Release|ARM.ActiveCfg = Release|Any CPU
		{CD3991ED-0326-49CD-A83C-7816AAFD88B7}.Release|ARM.Build.0 = Release|Any CPU
		{CD3991ED-0326-49CD-A83C-7816AAFD88B7}.Release|ARM64.ActiveCfg = Release|Any CPU
		{CD3991ED-0326-49CD-A83C-7816AAFD88B7}.Release|ARM64.Build.0 = Release|Any CPU
		{CD3991ED-0326-49CD-A83C-7816AAFD88B7}.Release|x64.ActiveCfg = Release|x64
		{CD3991ED-0326-49CD-A83C-7816AAFD88B7}.Release|x64.Build.0 = Release|x64
		{CD3991ED-0326-49CD-A83C-7816AAFD88B7}.Release|x86.ActiveCfg = Release|Any CPU
		{CD3991ED-0326-49CD-A83C-7816AAFD88B7}.Release|x86.Build.0 = Release|Any CPU
		{149A90B6-D7BD-4B48-8DAF-2E8151C8CC6B}.Debug|Any CPU.ActiveCfg = Debug|Any CPU
		{149A90B6-D7BD-4B48-8DAF-2E8151C8CC6B}.Debug|Any CPU.Build.0 = Debug|Any CPU
		{149A90B6-D7BD-4B48-8DAF-2E8151C8CC6B}.Debug|ARM.ActiveCfg = Debug|Any CPU
		{149A90B6-D7BD-4B48-8DAF-2E8151C8CC6B}.Debug|ARM.Build.0 = Debug|Any CPU
		{149A90B6-D7BD-4B48-8DAF-2E8151C8CC6B}.Debug|ARM64.ActiveCfg = Debug|Any CPU
		{149A90B6-D7BD-4B48-8DAF-2E8151C8CC6B}.Debug|ARM64.Build.0 = Debug|Any CPU
		{149A90B6-D7BD-4B48-8DAF-2E8151C8CC6B}.Debug|x64.ActiveCfg = Debug|Any CPU
		{149A90B6-D7BD-4B48-8DAF-2E8151C8CC6B}.Debug|x64.Build.0 = Debug|Any CPU
		{149A90B6-D7BD-4B48-8DAF-2E8151C8CC6B}.Debug|x86.ActiveCfg = Debug|Any CPU
		{149A90B6-D7BD-4B48-8DAF-2E8151C8CC6B}.Debug|x86.Build.0 = Debug|Any CPU
		{149A90B6-D7BD-4B48-8DAF-2E8151C8CC6B}.Release|Any CPU.ActiveCfg = Release|Any CPU
		{149A90B6-D7BD-4B48-8DAF-2E8151C8CC6B}.Release|Any CPU.Build.0 = Release|Any CPU
		{149A90B6-D7BD-4B48-8DAF-2E8151C8CC6B}.Release|ARM.ActiveCfg = Release|Any CPU
		{149A90B6-D7BD-4B48-8DAF-2E8151C8CC6B}.Release|ARM.Build.0 = Release|Any CPU
		{149A90B6-D7BD-4B48-8DAF-2E8151C8CC6B}.Release|ARM64.ActiveCfg = Release|Any CPU
		{149A90B6-D7BD-4B48-8DAF-2E8151C8CC6B}.Release|ARM64.Build.0 = Release|Any CPU
		{149A90B6-D7BD-4B48-8DAF-2E8151C8CC6B}.Release|x64.ActiveCfg = Release|Any CPU
		{149A90B6-D7BD-4B48-8DAF-2E8151C8CC6B}.Release|x64.Build.0 = Release|Any CPU
		{149A90B6-D7BD-4B48-8DAF-2E8151C8CC6B}.Release|x86.ActiveCfg = Release|Any CPU
		{149A90B6-D7BD-4B48-8DAF-2E8151C8CC6B}.Release|x86.Build.0 = Release|Any CPU
		{3DF8EF1F-C9E2-4EB7-B0BE-2CC56B3EBECD}.Debug|Any CPU.ActiveCfg = Debug|Any CPU
		{3DF8EF1F-C9E2-4EB7-B0BE-2CC56B3EBECD}.Debug|Any CPU.Build.0 = Debug|Any CPU
		{3DF8EF1F-C9E2-4EB7-B0BE-2CC56B3EBECD}.Debug|ARM.ActiveCfg = Debug|Any CPU
		{3DF8EF1F-C9E2-4EB7-B0BE-2CC56B3EBECD}.Debug|ARM.Build.0 = Debug|Any CPU
		{3DF8EF1F-C9E2-4EB7-B0BE-2CC56B3EBECD}.Debug|ARM64.ActiveCfg = Debug|Any CPU
		{3DF8EF1F-C9E2-4EB7-B0BE-2CC56B3EBECD}.Debug|ARM64.Build.0 = Debug|Any CPU
		{3DF8EF1F-C9E2-4EB7-B0BE-2CC56B3EBECD}.Debug|x64.ActiveCfg = Debug|Any CPU
		{3DF8EF1F-C9E2-4EB7-B0BE-2CC56B3EBECD}.Debug|x64.Build.0 = Debug|Any CPU
		{3DF8EF1F-C9E2-4EB7-B0BE-2CC56B3EBECD}.Debug|x86.ActiveCfg = Debug|Any CPU
		{3DF8EF1F-C9E2-4EB7-B0BE-2CC56B3EBECD}.Debug|x86.Build.0 = Debug|Any CPU
		{3DF8EF1F-C9E2-4EB7-B0BE-2CC56B3EBECD}.Release|Any CPU.ActiveCfg = Release|Any CPU
		{3DF8EF1F-C9E2-4EB7-B0BE-2CC56B3EBECD}.Release|Any CPU.Build.0 = Release|Any CPU
		{3DF8EF1F-C9E2-4EB7-B0BE-2CC56B3EBECD}.Release|ARM.ActiveCfg = Release|Any CPU
		{3DF8EF1F-C9E2-4EB7-B0BE-2CC56B3EBECD}.Release|ARM.Build.0 = Release|Any CPU
		{3DF8EF1F-C9E2-4EB7-B0BE-2CC56B3EBECD}.Release|ARM64.ActiveCfg = Release|Any CPU
		{3DF8EF1F-C9E2-4EB7-B0BE-2CC56B3EBECD}.Release|ARM64.Build.0 = Release|Any CPU
		{3DF8EF1F-C9E2-4EB7-B0BE-2CC56B3EBECD}.Release|x64.ActiveCfg = Release|Any CPU
		{3DF8EF1F-C9E2-4EB7-B0BE-2CC56B3EBECD}.Release|x64.Build.0 = Release|Any CPU
		{3DF8EF1F-C9E2-4EB7-B0BE-2CC56B3EBECD}.Release|x86.ActiveCfg = Release|Any CPU
		{3DF8EF1F-C9E2-4EB7-B0BE-2CC56B3EBECD}.Release|x86.Build.0 = Release|Any CPU
		{EAB6D6D4-7D10-4999-BB95-9E5D1003F062}.Debug|Any CPU.ActiveCfg = Debug|Any CPU
		{EAB6D6D4-7D10-4999-BB95-9E5D1003F062}.Debug|Any CPU.Build.0 = Debug|Any CPU
		{EAB6D6D4-7D10-4999-BB95-9E5D1003F062}.Debug|ARM.ActiveCfg = Debug|Any CPU
		{EAB6D6D4-7D10-4999-BB95-9E5D1003F062}.Debug|ARM.Build.0 = Debug|Any CPU
		{EAB6D6D4-7D10-4999-BB95-9E5D1003F062}.Debug|ARM64.ActiveCfg = Debug|Any CPU
		{EAB6D6D4-7D10-4999-BB95-9E5D1003F062}.Debug|ARM64.Build.0 = Debug|Any CPU
		{EAB6D6D4-7D10-4999-BB95-9E5D1003F062}.Debug|x64.ActiveCfg = Debug|Any CPU
		{EAB6D6D4-7D10-4999-BB95-9E5D1003F062}.Debug|x64.Build.0 = Debug|Any CPU
		{EAB6D6D4-7D10-4999-BB95-9E5D1003F062}.Debug|x86.ActiveCfg = Debug|Any CPU
		{EAB6D6D4-7D10-4999-BB95-9E5D1003F062}.Debug|x86.Build.0 = Debug|Any CPU
		{EAB6D6D4-7D10-4999-BB95-9E5D1003F062}.Release|Any CPU.ActiveCfg = Release|Any CPU
		{EAB6D6D4-7D10-4999-BB95-9E5D1003F062}.Release|Any CPU.Build.0 = Release|Any CPU
		{EAB6D6D4-7D10-4999-BB95-9E5D1003F062}.Release|ARM.ActiveCfg = Release|Any CPU
		{EAB6D6D4-7D10-4999-BB95-9E5D1003F062}.Release|ARM.Build.0 = Release|Any CPU
		{EAB6D6D4-7D10-4999-BB95-9E5D1003F062}.Release|ARM64.ActiveCfg = Release|Any CPU
		{EAB6D6D4-7D10-4999-BB95-9E5D1003F062}.Release|ARM64.Build.0 = Release|Any CPU
		{EAB6D6D4-7D10-4999-BB95-9E5D1003F062}.Release|x64.ActiveCfg = Release|Any CPU
		{EAB6D6D4-7D10-4999-BB95-9E5D1003F062}.Release|x64.Build.0 = Release|Any CPU
		{EAB6D6D4-7D10-4999-BB95-9E5D1003F062}.Release|x86.ActiveCfg = Release|Any CPU
		{EAB6D6D4-7D10-4999-BB95-9E5D1003F062}.Release|x86.Build.0 = Release|Any CPU
		{ADCC12CB-E1D2-436A-8C33-47484AE76E08}.Debug|Any CPU.ActiveCfg = Debug|Any CPU
		{ADCC12CB-E1D2-436A-8C33-47484AE76E08}.Debug|Any CPU.Build.0 = Debug|Any CPU
		{ADCC12CB-E1D2-436A-8C33-47484AE76E08}.Debug|ARM.ActiveCfg = Debug|Any CPU
		{ADCC12CB-E1D2-436A-8C33-47484AE76E08}.Debug|ARM.Build.0 = Debug|Any CPU
		{ADCC12CB-E1D2-436A-8C33-47484AE76E08}.Debug|ARM64.ActiveCfg = Debug|Any CPU
		{ADCC12CB-E1D2-436A-8C33-47484AE76E08}.Debug|ARM64.Build.0 = Debug|Any CPU
		{ADCC12CB-E1D2-436A-8C33-47484AE76E08}.Debug|x64.ActiveCfg = Debug|Any CPU
		{ADCC12CB-E1D2-436A-8C33-47484AE76E08}.Debug|x64.Build.0 = Debug|Any CPU
		{ADCC12CB-E1D2-436A-8C33-47484AE76E08}.Debug|x86.ActiveCfg = Debug|Any CPU
		{ADCC12CB-E1D2-436A-8C33-47484AE76E08}.Debug|x86.Build.0 = Debug|Any CPU
		{ADCC12CB-E1D2-436A-8C33-47484AE76E08}.Release|Any CPU.ActiveCfg = Release|Any CPU
		{ADCC12CB-E1D2-436A-8C33-47484AE76E08}.Release|Any CPU.Build.0 = Release|Any CPU
		{ADCC12CB-E1D2-436A-8C33-47484AE76E08}.Release|ARM.ActiveCfg = Release|Any CPU
		{ADCC12CB-E1D2-436A-8C33-47484AE76E08}.Release|ARM.Build.0 = Release|Any CPU
		{ADCC12CB-E1D2-436A-8C33-47484AE76E08}.Release|ARM64.ActiveCfg = Release|Any CPU
		{ADCC12CB-E1D2-436A-8C33-47484AE76E08}.Release|ARM64.Build.0 = Release|Any CPU
		{ADCC12CB-E1D2-436A-8C33-47484AE76E08}.Release|x64.ActiveCfg = Release|Any CPU
		{ADCC12CB-E1D2-436A-8C33-47484AE76E08}.Release|x64.Build.0 = Release|Any CPU
		{ADCC12CB-E1D2-436A-8C33-47484AE76E08}.Release|x86.ActiveCfg = Release|Any CPU
		{ADCC12CB-E1D2-436A-8C33-47484AE76E08}.Release|x86.Build.0 = Release|Any CPU
		{41C024CF-8B5D-4693-B3FF-8D36D2B753C4}.Debug|Any CPU.ActiveCfg = Debug|Any CPU
		{41C024CF-8B5D-4693-B3FF-8D36D2B753C4}.Debug|Any CPU.Build.0 = Debug|Any CPU
		{41C024CF-8B5D-4693-B3FF-8D36D2B753C4}.Debug|ARM.ActiveCfg = Debug|Any CPU
		{41C024CF-8B5D-4693-B3FF-8D36D2B753C4}.Debug|ARM.Build.0 = Debug|Any CPU
		{41C024CF-8B5D-4693-B3FF-8D36D2B753C4}.Debug|ARM64.ActiveCfg = Debug|Any CPU
		{41C024CF-8B5D-4693-B3FF-8D36D2B753C4}.Debug|ARM64.Build.0 = Debug|Any CPU
		{41C024CF-8B5D-4693-B3FF-8D36D2B753C4}.Debug|x64.ActiveCfg = Debug|Any CPU
		{41C024CF-8B5D-4693-B3FF-8D36D2B753C4}.Debug|x64.Build.0 = Debug|Any CPU
		{41C024CF-8B5D-4693-B3FF-8D36D2B753C4}.Debug|x86.ActiveCfg = Debug|Any CPU
		{41C024CF-8B5D-4693-B3FF-8D36D2B753C4}.Debug|x86.Build.0 = Debug|Any CPU
		{41C024CF-8B5D-4693-B3FF-8D36D2B753C4}.Release|Any CPU.ActiveCfg = Release|Any CPU
		{41C024CF-8B5D-4693-B3FF-8D36D2B753C4}.Release|Any CPU.Build.0 = Release|Any CPU
		{41C024CF-8B5D-4693-B3FF-8D36D2B753C4}.Release|ARM.ActiveCfg = Release|Any CPU
		{41C024CF-8B5D-4693-B3FF-8D36D2B753C4}.Release|ARM.Build.0 = Release|Any CPU
		{41C024CF-8B5D-4693-B3FF-8D36D2B753C4}.Release|ARM64.ActiveCfg = Release|Any CPU
		{41C024CF-8B5D-4693-B3FF-8D36D2B753C4}.Release|ARM64.Build.0 = Release|Any CPU
		{41C024CF-8B5D-4693-B3FF-8D36D2B753C4}.Release|x64.ActiveCfg = Release|Any CPU
		{41C024CF-8B5D-4693-B3FF-8D36D2B753C4}.Release|x64.Build.0 = Release|Any CPU
		{41C024CF-8B5D-4693-B3FF-8D36D2B753C4}.Release|x86.ActiveCfg = Release|Any CPU
		{41C024CF-8B5D-4693-B3FF-8D36D2B753C4}.Release|x86.Build.0 = Release|Any CPU
		{8F12BF24-3E61-46E6-8BAA-4BD059203ACA}.Debug|Any CPU.ActiveCfg = Debug|Any CPU
		{8F12BF24-3E61-46E6-8BAA-4BD059203ACA}.Debug|Any CPU.Build.0 = Debug|Any CPU
		{8F12BF24-3E61-46E6-8BAA-4BD059203ACA}.Debug|ARM.ActiveCfg = Debug|Any CPU
		{8F12BF24-3E61-46E6-8BAA-4BD059203ACA}.Debug|ARM.Build.0 = Debug|Any CPU
		{8F12BF24-3E61-46E6-8BAA-4BD059203ACA}.Debug|ARM64.ActiveCfg = Debug|Any CPU
		{8F12BF24-3E61-46E6-8BAA-4BD059203ACA}.Debug|ARM64.Build.0 = Debug|Any CPU
		{8F12BF24-3E61-46E6-8BAA-4BD059203ACA}.Debug|x64.ActiveCfg = Debug|Any CPU
		{8F12BF24-3E61-46E6-8BAA-4BD059203ACA}.Debug|x64.Build.0 = Debug|Any CPU
		{8F12BF24-3E61-46E6-8BAA-4BD059203ACA}.Debug|x86.ActiveCfg = Debug|Any CPU
		{8F12BF24-3E61-46E6-8BAA-4BD059203ACA}.Debug|x86.Build.0 = Debug|Any CPU
		{8F12BF24-3E61-46E6-8BAA-4BD059203ACA}.Release|Any CPU.ActiveCfg = Release|Any CPU
		{8F12BF24-3E61-46E6-8BAA-4BD059203ACA}.Release|Any CPU.Build.0 = Release|Any CPU
		{8F12BF24-3E61-46E6-8BAA-4BD059203ACA}.Release|ARM.ActiveCfg = Release|Any CPU
		{8F12BF24-3E61-46E6-8BAA-4BD059203ACA}.Release|ARM.Build.0 = Release|Any CPU
		{8F12BF24-3E61-46E6-8BAA-4BD059203ACA}.Release|ARM64.ActiveCfg = Release|Any CPU
		{8F12BF24-3E61-46E6-8BAA-4BD059203ACA}.Release|ARM64.Build.0 = Release|Any CPU
		{8F12BF24-3E61-46E6-8BAA-4BD059203ACA}.Release|x64.ActiveCfg = Release|Any CPU
		{8F12BF24-3E61-46E6-8BAA-4BD059203ACA}.Release|x64.Build.0 = Release|Any CPU
		{8F12BF24-3E61-46E6-8BAA-4BD059203ACA}.Release|x86.ActiveCfg = Release|Any CPU
		{8F12BF24-3E61-46E6-8BAA-4BD059203ACA}.Release|x86.Build.0 = Release|Any CPU
		{AAC59B9F-0157-479B-869E-808E3BDEAE8A}.Debug|Any CPU.ActiveCfg = Debug|Any CPU
		{AAC59B9F-0157-479B-869E-808E3BDEAE8A}.Debug|Any CPU.Build.0 = Debug|Any CPU
		{AAC59B9F-0157-479B-869E-808E3BDEAE8A}.Debug|ARM.ActiveCfg = Debug|Any CPU
		{AAC59B9F-0157-479B-869E-808E3BDEAE8A}.Debug|ARM.Build.0 = Debug|Any CPU
		{AAC59B9F-0157-479B-869E-808E3BDEAE8A}.Debug|ARM64.ActiveCfg = Debug|Any CPU
		{AAC59B9F-0157-479B-869E-808E3BDEAE8A}.Debug|ARM64.Build.0 = Debug|Any CPU
		{AAC59B9F-0157-479B-869E-808E3BDEAE8A}.Debug|x64.ActiveCfg = Debug|Any CPU
		{AAC59B9F-0157-479B-869E-808E3BDEAE8A}.Debug|x64.Build.0 = Debug|Any CPU
		{AAC59B9F-0157-479B-869E-808E3BDEAE8A}.Debug|x86.ActiveCfg = Debug|Any CPU
		{AAC59B9F-0157-479B-869E-808E3BDEAE8A}.Debug|x86.Build.0 = Debug|Any CPU
		{AAC59B9F-0157-479B-869E-808E3BDEAE8A}.Release|Any CPU.ActiveCfg = Release|Any CPU
		{AAC59B9F-0157-479B-869E-808E3BDEAE8A}.Release|Any CPU.Build.0 = Release|Any CPU
		{AAC59B9F-0157-479B-869E-808E3BDEAE8A}.Release|ARM.ActiveCfg = Release|Any CPU
		{AAC59B9F-0157-479B-869E-808E3BDEAE8A}.Release|ARM.Build.0 = Release|Any CPU
		{AAC59B9F-0157-479B-869E-808E3BDEAE8A}.Release|ARM64.ActiveCfg = Release|Any CPU
		{AAC59B9F-0157-479B-869E-808E3BDEAE8A}.Release|ARM64.Build.0 = Release|Any CPU
		{AAC59B9F-0157-479B-869E-808E3BDEAE8A}.Release|x64.ActiveCfg = Release|Any CPU
		{AAC59B9F-0157-479B-869E-808E3BDEAE8A}.Release|x64.Build.0 = Release|Any CPU
		{AAC59B9F-0157-479B-869E-808E3BDEAE8A}.Release|x86.ActiveCfg = Release|Any CPU
		{AAC59B9F-0157-479B-869E-808E3BDEAE8A}.Release|x86.Build.0 = Release|Any CPU
		{DF7FB04A-7F44-450D-94F6-B2A41D104B27}.Debug|Any CPU.ActiveCfg = Debug|Any CPU
		{DF7FB04A-7F44-450D-94F6-B2A41D104B27}.Debug|Any CPU.Build.0 = Debug|Any CPU
		{DF7FB04A-7F44-450D-94F6-B2A41D104B27}.Debug|ARM.ActiveCfg = Debug|Any CPU
		{DF7FB04A-7F44-450D-94F6-B2A41D104B27}.Debug|ARM.Build.0 = Debug|Any CPU
		{DF7FB04A-7F44-450D-94F6-B2A41D104B27}.Debug|ARM64.ActiveCfg = Debug|Any CPU
		{DF7FB04A-7F44-450D-94F6-B2A41D104B27}.Debug|ARM64.Build.0 = Debug|Any CPU
		{DF7FB04A-7F44-450D-94F6-B2A41D104B27}.Debug|x64.ActiveCfg = Debug|Any CPU
		{DF7FB04A-7F44-450D-94F6-B2A41D104B27}.Debug|x64.Build.0 = Debug|Any CPU
		{DF7FB04A-7F44-450D-94F6-B2A41D104B27}.Debug|x86.ActiveCfg = Debug|Any CPU
		{DF7FB04A-7F44-450D-94F6-B2A41D104B27}.Debug|x86.Build.0 = Debug|Any CPU
		{DF7FB04A-7F44-450D-94F6-B2A41D104B27}.Release|Any CPU.ActiveCfg = Release|Any CPU
		{DF7FB04A-7F44-450D-94F6-B2A41D104B27}.Release|Any CPU.Build.0 = Release|Any CPU
		{DF7FB04A-7F44-450D-94F6-B2A41D104B27}.Release|ARM.ActiveCfg = Release|Any CPU
		{DF7FB04A-7F44-450D-94F6-B2A41D104B27}.Release|ARM.Build.0 = Release|Any CPU
		{DF7FB04A-7F44-450D-94F6-B2A41D104B27}.Release|ARM64.ActiveCfg = Release|Any CPU
		{DF7FB04A-7F44-450D-94F6-B2A41D104B27}.Release|ARM64.Build.0 = Release|Any CPU
		{DF7FB04A-7F44-450D-94F6-B2A41D104B27}.Release|x64.ActiveCfg = Release|Any CPU
		{DF7FB04A-7F44-450D-94F6-B2A41D104B27}.Release|x64.Build.0 = Release|Any CPU
		{DF7FB04A-7F44-450D-94F6-B2A41D104B27}.Release|x86.ActiveCfg = Release|Any CPU
		{DF7FB04A-7F44-450D-94F6-B2A41D104B27}.Release|x86.Build.0 = Release|Any CPU
		{2EFE1860-3671-43C0-9E80-E0A80F438AC3}.Debug|Any CPU.ActiveCfg = Debug|Any CPU
		{2EFE1860-3671-43C0-9E80-E0A80F438AC3}.Debug|Any CPU.Build.0 = Debug|Any CPU
		{2EFE1860-3671-43C0-9E80-E0A80F438AC3}.Debug|ARM.ActiveCfg = Debug|Any CPU
		{2EFE1860-3671-43C0-9E80-E0A80F438AC3}.Debug|ARM.Build.0 = Debug|Any CPU
		{2EFE1860-3671-43C0-9E80-E0A80F438AC3}.Debug|ARM64.ActiveCfg = Debug|Any CPU
		{2EFE1860-3671-43C0-9E80-E0A80F438AC3}.Debug|ARM64.Build.0 = Debug|Any CPU
		{2EFE1860-3671-43C0-9E80-E0A80F438AC3}.Debug|x64.ActiveCfg = Debug|Any CPU
		{2EFE1860-3671-43C0-9E80-E0A80F438AC3}.Debug|x64.Build.0 = Debug|Any CPU
		{2EFE1860-3671-43C0-9E80-E0A80F438AC3}.Debug|x86.ActiveCfg = Debug|Any CPU
		{2EFE1860-3671-43C0-9E80-E0A80F438AC3}.Debug|x86.Build.0 = Debug|Any CPU
		{2EFE1860-3671-43C0-9E80-E0A80F438AC3}.Release|Any CPU.ActiveCfg = Release|Any CPU
		{2EFE1860-3671-43C0-9E80-E0A80F438AC3}.Release|Any CPU.Build.0 = Release|Any CPU
		{2EFE1860-3671-43C0-9E80-E0A80F438AC3}.Release|ARM.ActiveCfg = Release|Any CPU
		{2EFE1860-3671-43C0-9E80-E0A80F438AC3}.Release|ARM.Build.0 = Release|Any CPU
		{2EFE1860-3671-43C0-9E80-E0A80F438AC3}.Release|ARM64.ActiveCfg = Release|Any CPU
		{2EFE1860-3671-43C0-9E80-E0A80F438AC3}.Release|ARM64.Build.0 = Release|Any CPU
		{2EFE1860-3671-43C0-9E80-E0A80F438AC3}.Release|x64.ActiveCfg = Release|Any CPU
		{2EFE1860-3671-43C0-9E80-E0A80F438AC3}.Release|x64.Build.0 = Release|Any CPU
		{2EFE1860-3671-43C0-9E80-E0A80F438AC3}.Release|x86.ActiveCfg = Release|Any CPU
		{2EFE1860-3671-43C0-9E80-E0A80F438AC3}.Release|x86.Build.0 = Release|Any CPU
		{0FAAF359-FCE7-4C30-AEDE-1B290ABCE6DE}.Debug|Any CPU.ActiveCfg = Debug|Any CPU
		{0FAAF359-FCE7-4C30-AEDE-1B290ABCE6DE}.Debug|Any CPU.Build.0 = Debug|Any CPU
		{0FAAF359-FCE7-4C30-AEDE-1B290ABCE6DE}.Debug|ARM.ActiveCfg = Debug|Any CPU
		{0FAAF359-FCE7-4C30-AEDE-1B290ABCE6DE}.Debug|ARM.Build.0 = Debug|Any CPU
		{0FAAF359-FCE7-4C30-AEDE-1B290ABCE6DE}.Debug|ARM64.ActiveCfg = Debug|Any CPU
		{0FAAF359-FCE7-4C30-AEDE-1B290ABCE6DE}.Debug|ARM64.Build.0 = Debug|Any CPU
		{0FAAF359-FCE7-4C30-AEDE-1B290ABCE6DE}.Debug|x64.ActiveCfg = Debug|Any CPU
		{0FAAF359-FCE7-4C30-AEDE-1B290ABCE6DE}.Debug|x64.Build.0 = Debug|Any CPU
		{0FAAF359-FCE7-4C30-AEDE-1B290ABCE6DE}.Debug|x86.ActiveCfg = Debug|Any CPU
		{0FAAF359-FCE7-4C30-AEDE-1B290ABCE6DE}.Debug|x86.Build.0 = Debug|Any CPU
		{0FAAF359-FCE7-4C30-AEDE-1B290ABCE6DE}.Release|Any CPU.ActiveCfg = Release|Any CPU
		{0FAAF359-FCE7-4C30-AEDE-1B290ABCE6DE}.Release|Any CPU.Build.0 = Release|Any CPU
		{0FAAF359-FCE7-4C30-AEDE-1B290ABCE6DE}.Release|ARM.ActiveCfg = Release|Any CPU
		{0FAAF359-FCE7-4C30-AEDE-1B290ABCE6DE}.Release|ARM.Build.0 = Release|Any CPU
		{0FAAF359-FCE7-4C30-AEDE-1B290ABCE6DE}.Release|ARM64.ActiveCfg = Release|Any CPU
		{0FAAF359-FCE7-4C30-AEDE-1B290ABCE6DE}.Release|ARM64.Build.0 = Release|Any CPU
		{0FAAF359-FCE7-4C30-AEDE-1B290ABCE6DE}.Release|x64.ActiveCfg = Release|Any CPU
		{0FAAF359-FCE7-4C30-AEDE-1B290ABCE6DE}.Release|x64.Build.0 = Release|Any CPU
		{0FAAF359-FCE7-4C30-AEDE-1B290ABCE6DE}.Release|x86.ActiveCfg = Release|Any CPU
		{0FAAF359-FCE7-4C30-AEDE-1B290ABCE6DE}.Release|x86.Build.0 = Release|Any CPU
		{A3F5FB96-7422-4F2F-A996-2C5AA2F5D798}.Debug|Any CPU.ActiveCfg = Debug|Any CPU
		{A3F5FB96-7422-4F2F-A996-2C5AA2F5D798}.Debug|Any CPU.Build.0 = Debug|Any CPU
		{A3F5FB96-7422-4F2F-A996-2C5AA2F5D798}.Debug|ARM.ActiveCfg = Debug|Any CPU
		{A3F5FB96-7422-4F2F-A996-2C5AA2F5D798}.Debug|ARM.Build.0 = Debug|Any CPU
		{A3F5FB96-7422-4F2F-A996-2C5AA2F5D798}.Debug|ARM64.ActiveCfg = Debug|Any CPU
		{A3F5FB96-7422-4F2F-A996-2C5AA2F5D798}.Debug|ARM64.Build.0 = Debug|Any CPU
		{A3F5FB96-7422-4F2F-A996-2C5AA2F5D798}.Debug|x64.ActiveCfg = Debug|Any CPU
		{A3F5FB96-7422-4F2F-A996-2C5AA2F5D798}.Debug|x64.Build.0 = Debug|Any CPU
		{A3F5FB96-7422-4F2F-A996-2C5AA2F5D798}.Debug|x86.ActiveCfg = Debug|Any CPU
		{A3F5FB96-7422-4F2F-A996-2C5AA2F5D798}.Debug|x86.Build.0 = Debug|Any CPU
		{A3F5FB96-7422-4F2F-A996-2C5AA2F5D798}.Release|Any CPU.ActiveCfg = Release|Any CPU
		{A3F5FB96-7422-4F2F-A996-2C5AA2F5D798}.Release|Any CPU.Build.0 = Release|Any CPU
		{A3F5FB96-7422-4F2F-A996-2C5AA2F5D798}.Release|ARM.ActiveCfg = Release|Any CPU
		{A3F5FB96-7422-4F2F-A996-2C5AA2F5D798}.Release|ARM.Build.0 = Release|Any CPU
		{A3F5FB96-7422-4F2F-A996-2C5AA2F5D798}.Release|ARM64.ActiveCfg = Release|Any CPU
		{A3F5FB96-7422-4F2F-A996-2C5AA2F5D798}.Release|ARM64.Build.0 = Release|Any CPU
		{A3F5FB96-7422-4F2F-A996-2C5AA2F5D798}.Release|x64.ActiveCfg = Release|Any CPU
		{A3F5FB96-7422-4F2F-A996-2C5AA2F5D798}.Release|x64.Build.0 = Release|Any CPU
		{A3F5FB96-7422-4F2F-A996-2C5AA2F5D798}.Release|x86.ActiveCfg = Release|Any CPU
		{A3F5FB96-7422-4F2F-A996-2C5AA2F5D798}.Release|x86.Build.0 = Release|Any CPU
		{352EABEF-CA23-43CD-A44E-26F863C24BA4}.Debug|Any CPU.ActiveCfg = Debug|x64
		{352EABEF-CA23-43CD-A44E-26F863C24BA4}.Debug|Any CPU.Build.0 = Debug|x64
		{352EABEF-CA23-43CD-A44E-26F863C24BA4}.Debug|ARM.ActiveCfg = Debug|Any CPU
		{352EABEF-CA23-43CD-A44E-26F863C24BA4}.Debug|ARM.Build.0 = Debug|Any CPU
		{352EABEF-CA23-43CD-A44E-26F863C24BA4}.Debug|ARM64.ActiveCfg = Debug|Any CPU
		{352EABEF-CA23-43CD-A44E-26F863C24BA4}.Debug|ARM64.Build.0 = Debug|Any CPU
		{352EABEF-CA23-43CD-A44E-26F863C24BA4}.Debug|x64.ActiveCfg = Debug|Any CPU
		{352EABEF-CA23-43CD-A44E-26F863C24BA4}.Debug|x64.Build.0 = Debug|Any CPU
		{352EABEF-CA23-43CD-A44E-26F863C24BA4}.Debug|x86.ActiveCfg = Debug|x86
		{352EABEF-CA23-43CD-A44E-26F863C24BA4}.Debug|x86.Build.0 = Debug|x86
		{352EABEF-CA23-43CD-A44E-26F863C24BA4}.Release|Any CPU.ActiveCfg = Release|x64
		{352EABEF-CA23-43CD-A44E-26F863C24BA4}.Release|Any CPU.Build.0 = Release|x64
		{352EABEF-CA23-43CD-A44E-26F863C24BA4}.Release|ARM.ActiveCfg = Release|Any CPU
		{352EABEF-CA23-43CD-A44E-26F863C24BA4}.Release|ARM.Build.0 = Release|Any CPU
		{352EABEF-CA23-43CD-A44E-26F863C24BA4}.Release|ARM64.ActiveCfg = Release|Any CPU
		{352EABEF-CA23-43CD-A44E-26F863C24BA4}.Release|ARM64.Build.0 = Release|Any CPU
		{352EABEF-CA23-43CD-A44E-26F863C24BA4}.Release|x64.ActiveCfg = Release|x64
		{352EABEF-CA23-43CD-A44E-26F863C24BA4}.Release|x64.Build.0 = Release|x64
		{352EABEF-CA23-43CD-A44E-26F863C24BA4}.Release|x86.ActiveCfg = Release|Any CPU
		{352EABEF-CA23-43CD-A44E-26F863C24BA4}.Release|x86.Build.0 = Release|Any CPU
		{6024D395-EA9F-4D2D-887A-0827E16613E2}.Debug|Any CPU.ActiveCfg = Debug|Any CPU
		{6024D395-EA9F-4D2D-887A-0827E16613E2}.Debug|Any CPU.Build.0 = Debug|Any CPU
		{6024D395-EA9F-4D2D-887A-0827E16613E2}.Debug|ARM.ActiveCfg = Debug|Any CPU
		{6024D395-EA9F-4D2D-887A-0827E16613E2}.Debug|ARM.Build.0 = Debug|Any CPU
		{6024D395-EA9F-4D2D-887A-0827E16613E2}.Debug|ARM64.ActiveCfg = Debug|Any CPU
		{6024D395-EA9F-4D2D-887A-0827E16613E2}.Debug|ARM64.Build.0 = Debug|Any CPU
		{6024D395-EA9F-4D2D-887A-0827E16613E2}.Debug|x64.ActiveCfg = Debug|Any CPU
		{6024D395-EA9F-4D2D-887A-0827E16613E2}.Debug|x64.Build.0 = Debug|Any CPU
		{6024D395-EA9F-4D2D-887A-0827E16613E2}.Debug|x86.ActiveCfg = Debug|Any CPU
		{6024D395-EA9F-4D2D-887A-0827E16613E2}.Debug|x86.Build.0 = Debug|Any CPU
		{6024D395-EA9F-4D2D-887A-0827E16613E2}.Release|Any CPU.ActiveCfg = Release|Any CPU
		{6024D395-EA9F-4D2D-887A-0827E16613E2}.Release|Any CPU.Build.0 = Release|Any CPU
		{6024D395-EA9F-4D2D-887A-0827E16613E2}.Release|ARM.ActiveCfg = Release|Any CPU
		{6024D395-EA9F-4D2D-887A-0827E16613E2}.Release|ARM.Build.0 = Release|Any CPU
		{6024D395-EA9F-4D2D-887A-0827E16613E2}.Release|ARM64.ActiveCfg = Release|Any CPU
		{6024D395-EA9F-4D2D-887A-0827E16613E2}.Release|ARM64.Build.0 = Release|Any CPU
		{6024D395-EA9F-4D2D-887A-0827E16613E2}.Release|x64.ActiveCfg = Release|Any CPU
		{6024D395-EA9F-4D2D-887A-0827E16613E2}.Release|x64.Build.0 = Release|Any CPU
		{6024D395-EA9F-4D2D-887A-0827E16613E2}.Release|x86.ActiveCfg = Release|Any CPU
		{6024D395-EA9F-4D2D-887A-0827E16613E2}.Release|x86.Build.0 = Release|Any CPU
		{F9B0F837-5EB0-42B1-9020-4214D038C0D3}.Debug|Any CPU.ActiveCfg = Debug|Any CPU
		{F9B0F837-5EB0-42B1-9020-4214D038C0D3}.Debug|Any CPU.Build.0 = Debug|Any CPU
		{F9B0F837-5EB0-42B1-9020-4214D038C0D3}.Debug|ARM.ActiveCfg = Debug|Any CPU
		{F9B0F837-5EB0-42B1-9020-4214D038C0D3}.Debug|ARM.Build.0 = Debug|Any CPU
		{F9B0F837-5EB0-42B1-9020-4214D038C0D3}.Debug|ARM64.ActiveCfg = Debug|Any CPU
		{F9B0F837-5EB0-42B1-9020-4214D038C0D3}.Debug|ARM64.Build.0 = Debug|Any CPU
		{F9B0F837-5EB0-42B1-9020-4214D038C0D3}.Debug|x64.ActiveCfg = Debug|Any CPU
		{F9B0F837-5EB0-42B1-9020-4214D038C0D3}.Debug|x64.Build.0 = Debug|Any CPU
		{F9B0F837-5EB0-42B1-9020-4214D038C0D3}.Debug|x86.ActiveCfg = Debug|Any CPU
		{F9B0F837-5EB0-42B1-9020-4214D038C0D3}.Debug|x86.Build.0 = Debug|Any CPU
		{F9B0F837-5EB0-42B1-9020-4214D038C0D3}.Release|Any CPU.ActiveCfg = Release|Any CPU
		{F9B0F837-5EB0-42B1-9020-4214D038C0D3}.Release|Any CPU.Build.0 = Release|Any CPU
		{F9B0F837-5EB0-42B1-9020-4214D038C0D3}.Release|ARM.ActiveCfg = Release|Any CPU
		{F9B0F837-5EB0-42B1-9020-4214D038C0D3}.Release|ARM.Build.0 = Release|Any CPU
		{F9B0F837-5EB0-42B1-9020-4214D038C0D3}.Release|ARM64.ActiveCfg = Release|Any CPU
		{F9B0F837-5EB0-42B1-9020-4214D038C0D3}.Release|ARM64.Build.0 = Release|Any CPU
		{F9B0F837-5EB0-42B1-9020-4214D038C0D3}.Release|x64.ActiveCfg = Release|Any CPU
		{F9B0F837-5EB0-42B1-9020-4214D038C0D3}.Release|x64.Build.0 = Release|Any CPU
		{F9B0F837-5EB0-42B1-9020-4214D038C0D3}.Release|x86.ActiveCfg = Release|Any CPU
		{F9B0F837-5EB0-42B1-9020-4214D038C0D3}.Release|x86.Build.0 = Release|Any CPU
		{F9B0F837-5EB0-42B1-9020-4214D038C0D5}.Debug|Any CPU.ActiveCfg = Debug|Any CPU
		{F9B0F837-5EB0-42B1-9020-4214D038C0D5}.Debug|Any CPU.Build.0 = Debug|Any CPU
		{F9B0F837-5EB0-42B1-9020-4214D038C0D5}.Debug|ARM.ActiveCfg = Debug|Any CPU
		{F9B0F837-5EB0-42B1-9020-4214D038C0D5}.Debug|ARM.Build.0 = Debug|Any CPU
		{F9B0F837-5EB0-42B1-9020-4214D038C0D5}.Debug|ARM64.ActiveCfg = Debug|Any CPU
		{F9B0F837-5EB0-42B1-9020-4214D038C0D5}.Debug|ARM64.Build.0 = Debug|Any CPU
		{F9B0F837-5EB0-42B1-9020-4214D038C0D5}.Debug|x64.ActiveCfg = Debug|Any CPU
		{F9B0F837-5EB0-42B1-9020-4214D038C0D5}.Debug|x64.Build.0 = Debug|Any CPU
		{F9B0F837-5EB0-42B1-9020-4214D038C0D5}.Debug|x86.ActiveCfg = Debug|Any CPU
		{F9B0F837-5EB0-42B1-9020-4214D038C0D5}.Debug|x86.Build.0 = Debug|Any CPU
		{F9B0F837-5EB0-42B1-9020-4214D038C0D5}.Release|Any CPU.ActiveCfg = Release|Any CPU
		{F9B0F837-5EB0-42B1-9020-4214D038C0D5}.Release|Any CPU.Build.0 = Release|Any CPU
		{F9B0F837-5EB0-42B1-9020-4214D038C0D5}.Release|ARM.ActiveCfg = Release|Any CPU
		{F9B0F837-5EB0-42B1-9020-4214D038C0D5}.Release|ARM.Build.0 = Release|Any CPU
		{F9B0F837-5EB0-42B1-9020-4214D038C0D5}.Release|ARM64.ActiveCfg = Release|Any CPU
		{F9B0F837-5EB0-42B1-9020-4214D038C0D5}.Release|ARM64.Build.0 = Release|Any CPU
		{F9B0F837-5EB0-42B1-9020-4214D038C0D5}.Release|x64.ActiveCfg = Release|Any CPU
		{F9B0F837-5EB0-42B1-9020-4214D038C0D5}.Release|x64.Build.0 = Release|Any CPU
		{F9B0F837-5EB0-42B1-9020-4214D038C0D5}.Release|x86.ActiveCfg = Release|Any CPU
		{F9B0F837-5EB0-42B1-9020-4214D038C0D5}.Release|x86.Build.0 = Release|Any CPU
		{F9B0F837-5EB0-42B1-9020-4214D038C0D6}.Debug|Any CPU.ActiveCfg = Debug|Any CPU
		{F9B0F837-5EB0-42B1-9020-4214D038C0D6}.Debug|Any CPU.Build.0 = Debug|Any CPU
		{F9B0F837-5EB0-42B1-9020-4214D038C0D6}.Debug|ARM.ActiveCfg = Debug|Any CPU
		{F9B0F837-5EB0-42B1-9020-4214D038C0D6}.Debug|ARM.Build.0 = Debug|Any CPU
		{F9B0F837-5EB0-42B1-9020-4214D038C0D6}.Debug|ARM64.ActiveCfg = Debug|Any CPU
		{F9B0F837-5EB0-42B1-9020-4214D038C0D6}.Debug|ARM64.Build.0 = Debug|Any CPU
		{F9B0F837-5EB0-42B1-9020-4214D038C0D6}.Debug|x64.ActiveCfg = Debug|Any CPU
		{F9B0F837-5EB0-42B1-9020-4214D038C0D6}.Debug|x64.Build.0 = Debug|Any CPU
		{F9B0F837-5EB0-42B1-9020-4214D038C0D6}.Debug|x86.ActiveCfg = Debug|Any CPU
		{F9B0F837-5EB0-42B1-9020-4214D038C0D6}.Debug|x86.Build.0 = Debug|Any CPU
		{F9B0F837-5EB0-42B1-9020-4214D038C0D6}.Release|Any CPU.ActiveCfg = Release|Any CPU
		{F9B0F837-5EB0-42B1-9020-4214D038C0D6}.Release|Any CPU.Build.0 = Release|Any CPU
		{F9B0F837-5EB0-42B1-9020-4214D038C0D6}.Release|ARM.ActiveCfg = Release|Any CPU
		{F9B0F837-5EB0-42B1-9020-4214D038C0D6}.Release|ARM.Build.0 = Release|Any CPU
		{F9B0F837-5EB0-42B1-9020-4214D038C0D6}.Release|ARM64.ActiveCfg = Release|Any CPU
		{F9B0F837-5EB0-42B1-9020-4214D038C0D6}.Release|ARM64.Build.0 = Release|Any CPU
		{F9B0F837-5EB0-42B1-9020-4214D038C0D6}.Release|x64.ActiveCfg = Release|Any CPU
		{F9B0F837-5EB0-42B1-9020-4214D038C0D6}.Release|x64.Build.0 = Release|Any CPU
		{F9B0F837-5EB0-42B1-9020-4214D038C0D6}.Release|x86.ActiveCfg = Release|Any CPU
		{F9B0F837-5EB0-42B1-9020-4214D038C0D6}.Release|x86.Build.0 = Release|Any CPU
		{F9B0F837-5EB0-42B1-9020-4214D038C0D7}.Debug|Any CPU.ActiveCfg = Debug|Any CPU
		{F9B0F837-5EB0-42B1-9020-4214D038C0D7}.Debug|Any CPU.Build.0 = Debug|Any CPU
		{F9B0F837-5EB0-42B1-9020-4214D038C0D7}.Debug|ARM.ActiveCfg = Debug|Any CPU
		{F9B0F837-5EB0-42B1-9020-4214D038C0D7}.Debug|ARM.Build.0 = Debug|Any CPU
		{F9B0F837-5EB0-42B1-9020-4214D038C0D7}.Debug|ARM64.ActiveCfg = Debug|Any CPU
		{F9B0F837-5EB0-42B1-9020-4214D038C0D7}.Debug|ARM64.Build.0 = Debug|Any CPU
		{F9B0F837-5EB0-42B1-9020-4214D038C0D7}.Debug|x64.ActiveCfg = Debug|Any CPU
		{F9B0F837-5EB0-42B1-9020-4214D038C0D7}.Debug|x64.Build.0 = Debug|Any CPU
		{F9B0F837-5EB0-42B1-9020-4214D038C0D7}.Debug|x86.ActiveCfg = Debug|Any CPU
		{F9B0F837-5EB0-42B1-9020-4214D038C0D7}.Debug|x86.Build.0 = Debug|Any CPU
		{F9B0F837-5EB0-42B1-9020-4214D038C0D7}.Release|Any CPU.ActiveCfg = Release|Any CPU
		{F9B0F837-5EB0-42B1-9020-4214D038C0D7}.Release|Any CPU.Build.0 = Release|Any CPU
		{F9B0F837-5EB0-42B1-9020-4214D038C0D7}.Release|ARM.ActiveCfg = Release|Any CPU
		{F9B0F837-5EB0-42B1-9020-4214D038C0D7}.Release|ARM.Build.0 = Release|Any CPU
		{F9B0F837-5EB0-42B1-9020-4214D038C0D7}.Release|ARM64.ActiveCfg = Release|Any CPU
		{F9B0F837-5EB0-42B1-9020-4214D038C0D7}.Release|ARM64.Build.0 = Release|Any CPU
		{F9B0F837-5EB0-42B1-9020-4214D038C0D7}.Release|x64.ActiveCfg = Release|Any CPU
		{F9B0F837-5EB0-42B1-9020-4214D038C0D7}.Release|x64.Build.0 = Release|Any CPU
		{F9B0F837-5EB0-42B1-9020-4214D038C0D7}.Release|x86.ActiveCfg = Release|Any CPU
		{F9B0F837-5EB0-42B1-9020-4214D038C0D7}.Release|x86.Build.0 = Release|Any CPU
		{F9B0F837-5EB0-42B1-9020-4214D038C0D8}.Debug|Any CPU.ActiveCfg = Debug|Any CPU
		{F9B0F837-5EB0-42B1-9020-4214D038C0D8}.Debug|Any CPU.Build.0 = Debug|Any CPU
		{F9B0F837-5EB0-42B1-9020-4214D038C0D8}.Debug|ARM.ActiveCfg = Debug|Any CPU
		{F9B0F837-5EB0-42B1-9020-4214D038C0D8}.Debug|ARM.Build.0 = Debug|Any CPU
		{F9B0F837-5EB0-42B1-9020-4214D038C0D8}.Debug|ARM64.ActiveCfg = Debug|Any CPU
		{F9B0F837-5EB0-42B1-9020-4214D038C0D8}.Debug|ARM64.Build.0 = Debug|Any CPU
		{F9B0F837-5EB0-42B1-9020-4214D038C0D8}.Debug|x64.ActiveCfg = Debug|Any CPU
		{F9B0F837-5EB0-42B1-9020-4214D038C0D8}.Debug|x64.Build.0 = Debug|Any CPU
		{F9B0F837-5EB0-42B1-9020-4214D038C0D8}.Debug|x86.ActiveCfg = Debug|Any CPU
		{F9B0F837-5EB0-42B1-9020-4214D038C0D8}.Debug|x86.Build.0 = Debug|Any CPU
		{F9B0F837-5EB0-42B1-9020-4214D038C0D8}.Release|Any CPU.ActiveCfg = Release|Any CPU
		{F9B0F837-5EB0-42B1-9020-4214D038C0D8}.Release|Any CPU.Build.0 = Release|Any CPU
		{F9B0F837-5EB0-42B1-9020-4214D038C0D8}.Release|ARM.ActiveCfg = Release|Any CPU
		{F9B0F837-5EB0-42B1-9020-4214D038C0D8}.Release|ARM.Build.0 = Release|Any CPU
		{F9B0F837-5EB0-42B1-9020-4214D038C0D8}.Release|ARM64.ActiveCfg = Release|Any CPU
		{F9B0F837-5EB0-42B1-9020-4214D038C0D8}.Release|ARM64.Build.0 = Release|Any CPU
		{F9B0F837-5EB0-42B1-9020-4214D038C0D8}.Release|x64.ActiveCfg = Release|x64
		{F9B0F837-5EB0-42B1-9020-4214D038C0D8}.Release|x64.Build.0 = Release|x64
		{F9B0F837-5EB0-42B1-9020-4214D038C0D8}.Release|x86.ActiveCfg = Release|Any CPU
		{F9B0F837-5EB0-42B1-9020-4214D038C0D8}.Release|x86.Build.0 = Release|Any CPU
		{F9B0F837-5EB0-42B1-9020-4214D038C0D9}.Debug|Any CPU.ActiveCfg = Debug|Any CPU
		{F9B0F837-5EB0-42B1-9020-4214D038C0D9}.Debug|Any CPU.Build.0 = Debug|Any CPU
		{F9B0F837-5EB0-42B1-9020-4214D038C0D9}.Debug|ARM.ActiveCfg = Debug|Any CPU
		{F9B0F837-5EB0-42B1-9020-4214D038C0D9}.Debug|ARM.Build.0 = Debug|Any CPU
		{F9B0F837-5EB0-42B1-9020-4214D038C0D9}.Debug|ARM64.ActiveCfg = Debug|Any CPU
		{F9B0F837-5EB0-42B1-9020-4214D038C0D9}.Debug|ARM64.Build.0 = Debug|Any CPU
		{F9B0F837-5EB0-42B1-9020-4214D038C0D9}.Debug|x64.ActiveCfg = Debug|Any CPU
		{F9B0F837-5EB0-42B1-9020-4214D038C0D9}.Debug|x64.Build.0 = Debug|Any CPU
		{F9B0F837-5EB0-42B1-9020-4214D038C0D9}.Debug|x86.ActiveCfg = Debug|Any CPU
		{F9B0F837-5EB0-42B1-9020-4214D038C0D9}.Debug|x86.Build.0 = Debug|Any CPU
		{F9B0F837-5EB0-42B1-9020-4214D038C0D9}.Release|Any CPU.ActiveCfg = Release|Any CPU
		{F9B0F837-5EB0-42B1-9020-4214D038C0D9}.Release|Any CPU.Build.0 = Release|Any CPU
		{F9B0F837-5EB0-42B1-9020-4214D038C0D9}.Release|ARM.ActiveCfg = Release|Any CPU
		{F9B0F837-5EB0-42B1-9020-4214D038C0D9}.Release|ARM.Build.0 = Release|Any CPU
		{F9B0F837-5EB0-42B1-9020-4214D038C0D9}.Release|ARM64.ActiveCfg = Release|Any CPU
		{F9B0F837-5EB0-42B1-9020-4214D038C0D9}.Release|ARM64.Build.0 = Release|Any CPU
		{F9B0F837-5EB0-42B1-9020-4214D038C0D9}.Release|x64.ActiveCfg = Release|Any CPU
		{F9B0F837-5EB0-42B1-9020-4214D038C0D9}.Release|x64.Build.0 = Release|Any CPU
		{F9B0F837-5EB0-42B1-9020-4214D038C0D9}.Release|x86.ActiveCfg = Release|Any CPU
		{F9B0F837-5EB0-42B1-9020-4214D038C0D9}.Release|x86.Build.0 = Release|Any CPU
		{F9B0F837-5EB0-42B1-9020-4214D038C0DA}.Debug|Any CPU.ActiveCfg = Debug|Any CPU
		{F9B0F837-5EB0-42B1-9020-4214D038C0DA}.Debug|Any CPU.Build.0 = Debug|Any CPU
		{F9B0F837-5EB0-42B1-9020-4214D038C0DA}.Debug|ARM.ActiveCfg = Debug|Any CPU
		{F9B0F837-5EB0-42B1-9020-4214D038C0DA}.Debug|ARM.Build.0 = Debug|Any CPU
		{F9B0F837-5EB0-42B1-9020-4214D038C0DA}.Debug|ARM64.ActiveCfg = Debug|Any CPU
		{F9B0F837-5EB0-42B1-9020-4214D038C0DA}.Debug|ARM64.Build.0 = Debug|Any CPU
		{F9B0F837-5EB0-42B1-9020-4214D038C0DA}.Debug|x64.ActiveCfg = Debug|Any CPU
		{F9B0F837-5EB0-42B1-9020-4214D038C0DA}.Debug|x64.Build.0 = Debug|Any CPU
		{F9B0F837-5EB0-42B1-9020-4214D038C0DA}.Debug|x86.ActiveCfg = Debug|Any CPU
		{F9B0F837-5EB0-42B1-9020-4214D038C0DA}.Debug|x86.Build.0 = Debug|Any CPU
		{F9B0F837-5EB0-42B1-9020-4214D038C0DA}.Release|Any CPU.ActiveCfg = Release|Any CPU
		{F9B0F837-5EB0-42B1-9020-4214D038C0DA}.Release|Any CPU.Build.0 = Release|Any CPU
		{F9B0F837-5EB0-42B1-9020-4214D038C0DA}.Release|ARM.ActiveCfg = Release|Any CPU
		{F9B0F837-5EB0-42B1-9020-4214D038C0DA}.Release|ARM.Build.0 = Release|Any CPU
		{F9B0F837-5EB0-42B1-9020-4214D038C0DA}.Release|ARM64.ActiveCfg = Release|Any CPU
		{F9B0F837-5EB0-42B1-9020-4214D038C0DA}.Release|ARM64.Build.0 = Release|Any CPU
		{F9B0F837-5EB0-42B1-9020-4214D038C0DA}.Release|x64.ActiveCfg = Release|Any CPU
		{F9B0F837-5EB0-42B1-9020-4214D038C0DA}.Release|x64.Build.0 = Release|Any CPU
		{F9B0F837-5EB0-42B1-9020-4214D038C0DA}.Release|x86.ActiveCfg = Release|Any CPU
		{F9B0F837-5EB0-42B1-9020-4214D038C0DA}.Release|x86.Build.0 = Release|Any CPU
		{F9B0F837-5EB0-42B1-9020-4214D038C0DB}.Debug|Any CPU.ActiveCfg = Debug|Any CPU
		{F9B0F837-5EB0-42B1-9020-4214D038C0DB}.Debug|Any CPU.Build.0 = Debug|Any CPU
		{F9B0F837-5EB0-42B1-9020-4214D038C0DB}.Debug|ARM.ActiveCfg = Debug|Any CPU
		{F9B0F837-5EB0-42B1-9020-4214D038C0DB}.Debug|ARM.Build.0 = Debug|Any CPU
		{F9B0F837-5EB0-42B1-9020-4214D038C0DB}.Debug|ARM64.ActiveCfg = Debug|Any CPU
		{F9B0F837-5EB0-42B1-9020-4214D038C0DB}.Debug|ARM64.Build.0 = Debug|Any CPU
		{F9B0F837-5EB0-42B1-9020-4214D038C0DB}.Debug|x64.ActiveCfg = Debug|Any CPU
		{F9B0F837-5EB0-42B1-9020-4214D038C0DB}.Debug|x64.Build.0 = Debug|Any CPU
		{F9B0F837-5EB0-42B1-9020-4214D038C0DB}.Debug|x86.ActiveCfg = Debug|Any CPU
		{F9B0F837-5EB0-42B1-9020-4214D038C0DB}.Debug|x86.Build.0 = Debug|Any CPU
		{F9B0F837-5EB0-42B1-9020-4214D038C0DB}.Release|Any CPU.ActiveCfg = Release|Any CPU
		{F9B0F837-5EB0-42B1-9020-4214D038C0DB}.Release|Any CPU.Build.0 = Release|Any CPU
		{F9B0F837-5EB0-42B1-9020-4214D038C0DB}.Release|ARM.ActiveCfg = Release|Any CPU
		{F9B0F837-5EB0-42B1-9020-4214D038C0DB}.Release|ARM.Build.0 = Release|Any CPU
		{F9B0F837-5EB0-42B1-9020-4214D038C0DB}.Release|ARM64.ActiveCfg = Release|Any CPU
		{F9B0F837-5EB0-42B1-9020-4214D038C0DB}.Release|ARM64.Build.0 = Release|Any CPU
		{F9B0F837-5EB0-42B1-9020-4214D038C0DB}.Release|x64.ActiveCfg = Release|Any CPU
		{F9B0F837-5EB0-42B1-9020-4214D038C0DB}.Release|x64.Build.0 = Release|Any CPU
		{F9B0F837-5EB0-42B1-9020-4214D038C0DB}.Release|x86.ActiveCfg = Release|Any CPU
		{F9B0F837-5EB0-42B1-9020-4214D038C0DB}.Release|x86.Build.0 = Release|Any CPU
		{F9B0F837-5EB0-42B1-9020-4214D038C0DC}.Debug|Any CPU.ActiveCfg = Debug|Any CPU
		{F9B0F837-5EB0-42B1-9020-4214D038C0DC}.Debug|Any CPU.Build.0 = Debug|Any CPU
		{F9B0F837-5EB0-42B1-9020-4214D038C0DC}.Debug|ARM.ActiveCfg = Debug|Any CPU
		{F9B0F837-5EB0-42B1-9020-4214D038C0DC}.Debug|ARM.Build.0 = Debug|Any CPU
		{F9B0F837-5EB0-42B1-9020-4214D038C0DC}.Debug|ARM64.ActiveCfg = Debug|Any CPU
		{F9B0F837-5EB0-42B1-9020-4214D038C0DC}.Debug|ARM64.Build.0 = Debug|Any CPU
		{F9B0F837-5EB0-42B1-9020-4214D038C0DC}.Debug|x64.ActiveCfg = Debug|Any CPU
		{F9B0F837-5EB0-42B1-9020-4214D038C0DC}.Debug|x64.Build.0 = Debug|Any CPU
		{F9B0F837-5EB0-42B1-9020-4214D038C0DC}.Debug|x86.ActiveCfg = Debug|Any CPU
		{F9B0F837-5EB0-42B1-9020-4214D038C0DC}.Debug|x86.Build.0 = Debug|Any CPU
		{F9B0F837-5EB0-42B1-9020-4214D038C0DC}.Release|Any CPU.ActiveCfg = Release|Any CPU
		{F9B0F837-5EB0-42B1-9020-4214D038C0DC}.Release|Any CPU.Build.0 = Release|Any CPU
		{F9B0F837-5EB0-42B1-9020-4214D038C0DC}.Release|ARM.ActiveCfg = Release|Any CPU
		{F9B0F837-5EB0-42B1-9020-4214D038C0DC}.Release|ARM.Build.0 = Release|Any CPU
		{F9B0F837-5EB0-42B1-9020-4214D038C0DC}.Release|ARM64.ActiveCfg = Release|Any CPU
		{F9B0F837-5EB0-42B1-9020-4214D038C0DC}.Release|ARM64.Build.0 = Release|Any CPU
		{F9B0F837-5EB0-42B1-9020-4214D038C0DC}.Release|x64.ActiveCfg = Release|Any CPU
		{F9B0F837-5EB0-42B1-9020-4214D038C0DC}.Release|x64.Build.0 = Release|Any CPU
		{F9B0F837-5EB0-42B1-9020-4214D038C0DC}.Release|x86.ActiveCfg = Release|Any CPU
		{F9B0F837-5EB0-42B1-9020-4214D038C0DC}.Release|x86.Build.0 = Release|Any CPU
		{F9B0F837-5EB0-42B1-9020-4214D038C0DD}.Debug|Any CPU.ActiveCfg = Debug|Any CPU
		{F9B0F837-5EB0-42B1-9020-4214D038C0DD}.Debug|Any CPU.Build.0 = Debug|Any CPU
		{F9B0F837-5EB0-42B1-9020-4214D038C0DD}.Debug|ARM.ActiveCfg = Debug|Any CPU
		{F9B0F837-5EB0-42B1-9020-4214D038C0DD}.Debug|ARM.Build.0 = Debug|Any CPU
		{F9B0F837-5EB0-42B1-9020-4214D038C0DD}.Debug|ARM64.ActiveCfg = Debug|Any CPU
		{F9B0F837-5EB0-42B1-9020-4214D038C0DD}.Debug|ARM64.Build.0 = Debug|Any CPU
		{F9B0F837-5EB0-42B1-9020-4214D038C0DD}.Debug|x64.ActiveCfg = Debug|Any CPU
		{F9B0F837-5EB0-42B1-9020-4214D038C0DD}.Debug|x64.Build.0 = Debug|Any CPU
		{F9B0F837-5EB0-42B1-9020-4214D038C0DD}.Debug|x86.ActiveCfg = Debug|Any CPU
		{F9B0F837-5EB0-42B1-9020-4214D038C0DD}.Debug|x86.Build.0 = Debug|Any CPU
		{F9B0F837-5EB0-42B1-9020-4214D038C0DD}.Release|Any CPU.ActiveCfg = Release|Any CPU
		{F9B0F837-5EB0-42B1-9020-4214D038C0DD}.Release|Any CPU.Build.0 = Release|Any CPU
		{F9B0F837-5EB0-42B1-9020-4214D038C0DD}.Release|ARM.ActiveCfg = Release|Any CPU
		{F9B0F837-5EB0-42B1-9020-4214D038C0DD}.Release|ARM.Build.0 = Release|Any CPU
		{F9B0F837-5EB0-42B1-9020-4214D038C0DD}.Release|ARM64.ActiveCfg = Release|Any CPU
		{F9B0F837-5EB0-42B1-9020-4214D038C0DD}.Release|ARM64.Build.0 = Release|Any CPU
		{F9B0F837-5EB0-42B1-9020-4214D038C0DD}.Release|x64.ActiveCfg = Release|x64
		{F9B0F837-5EB0-42B1-9020-4214D038C0DD}.Release|x64.Build.0 = Release|x64
		{F9B0F837-5EB0-42B1-9020-4214D038C0DD}.Release|x86.ActiveCfg = Release|Any CPU
		{F9B0F837-5EB0-42B1-9020-4214D038C0DD}.Release|x86.Build.0 = Release|Any CPU
		{1AD8BB6B-5896-469C-B805-6CC9B98367AE}.Debug|Any CPU.ActiveCfg = Debug|Any CPU
		{1AD8BB6B-5896-469C-B805-6CC9B98367AE}.Debug|Any CPU.Build.0 = Debug|Any CPU
		{1AD8BB6B-5896-469C-B805-6CC9B98367AE}.Debug|ARM.ActiveCfg = Debug|Any CPU
		{1AD8BB6B-5896-469C-B805-6CC9B98367AE}.Debug|ARM.Build.0 = Debug|Any CPU
		{1AD8BB6B-5896-469C-B805-6CC9B98367AE}.Debug|ARM64.ActiveCfg = Debug|Any CPU
		{1AD8BB6B-5896-469C-B805-6CC9B98367AE}.Debug|ARM64.Build.0 = Debug|Any CPU
		{1AD8BB6B-5896-469C-B805-6CC9B98367AE}.Debug|x64.ActiveCfg = Debug|Any CPU
		{1AD8BB6B-5896-469C-B805-6CC9B98367AE}.Debug|x64.Build.0 = Debug|Any CPU
		{1AD8BB6B-5896-469C-B805-6CC9B98367AE}.Debug|x86.ActiveCfg = Debug|Any CPU
		{1AD8BB6B-5896-469C-B805-6CC9B98367AE}.Debug|x86.Build.0 = Debug|Any CPU
		{1AD8BB6B-5896-469C-B805-6CC9B98367AE}.Release|Any CPU.ActiveCfg = Release|Any CPU
		{1AD8BB6B-5896-469C-B805-6CC9B98367AE}.Release|Any CPU.Build.0 = Release|Any CPU
		{1AD8BB6B-5896-469C-B805-6CC9B98367AE}.Release|ARM.ActiveCfg = Release|Any CPU
		{1AD8BB6B-5896-469C-B805-6CC9B98367AE}.Release|ARM.Build.0 = Release|Any CPU
		{1AD8BB6B-5896-469C-B805-6CC9B98367AE}.Release|ARM64.ActiveCfg = Release|Any CPU
		{1AD8BB6B-5896-469C-B805-6CC9B98367AE}.Release|ARM64.Build.0 = Release|Any CPU
		{1AD8BB6B-5896-469C-B805-6CC9B98367AE}.Release|x64.ActiveCfg = Release|Any CPU
		{1AD8BB6B-5896-469C-B805-6CC9B98367AE}.Release|x64.Build.0 = Release|Any CPU
		{1AD8BB6B-5896-469C-B805-6CC9B98367AE}.Release|x86.ActiveCfg = Release|Any CPU
		{1AD8BB6B-5896-469C-B805-6CC9B98367AE}.Release|x86.Build.0 = Release|Any CPU
		{4DD21CF7-3B94-4336-9774-AC09C552896B}.Debug|Any CPU.ActiveCfg = Debug|Any CPU
		{4DD21CF7-3B94-4336-9774-AC09C552896B}.Debug|Any CPU.Build.0 = Debug|Any CPU
		{4DD21CF7-3B94-4336-9774-AC09C552896B}.Debug|ARM.ActiveCfg = Debug|Any CPU
		{4DD21CF7-3B94-4336-9774-AC09C552896B}.Debug|ARM.Build.0 = Debug|Any CPU
		{4DD21CF7-3B94-4336-9774-AC09C552896B}.Debug|ARM64.ActiveCfg = Debug|Any CPU
		{4DD21CF7-3B94-4336-9774-AC09C552896B}.Debug|ARM64.Build.0 = Debug|Any CPU
		{4DD21CF7-3B94-4336-9774-AC09C552896B}.Debug|x64.ActiveCfg = Debug|Any CPU
		{4DD21CF7-3B94-4336-9774-AC09C552896B}.Debug|x64.Build.0 = Debug|Any CPU
		{4DD21CF7-3B94-4336-9774-AC09C552896B}.Debug|x86.ActiveCfg = Debug|Any CPU
		{4DD21CF7-3B94-4336-9774-AC09C552896B}.Debug|x86.Build.0 = Debug|Any CPU
		{4DD21CF7-3B94-4336-9774-AC09C552896B}.Release|Any CPU.ActiveCfg = Release|Any CPU
		{4DD21CF7-3B94-4336-9774-AC09C552896B}.Release|Any CPU.Build.0 = Release|Any CPU
		{4DD21CF7-3B94-4336-9774-AC09C552896B}.Release|ARM.ActiveCfg = Release|Any CPU
		{4DD21CF7-3B94-4336-9774-AC09C552896B}.Release|ARM.Build.0 = Release|Any CPU
		{4DD21CF7-3B94-4336-9774-AC09C552896B}.Release|ARM64.ActiveCfg = Release|Any CPU
		{4DD21CF7-3B94-4336-9774-AC09C552896B}.Release|ARM64.Build.0 = Release|Any CPU
		{4DD21CF7-3B94-4336-9774-AC09C552896B}.Release|x64.ActiveCfg = Release|Any CPU
		{4DD21CF7-3B94-4336-9774-AC09C552896B}.Release|x64.Build.0 = Release|Any CPU
		{4DD21CF7-3B94-4336-9774-AC09C552896B}.Release|x86.ActiveCfg = Release|Any CPU
		{4DD21CF7-3B94-4336-9774-AC09C552896B}.Release|x86.Build.0 = Release|Any CPU
		{2A47AFF8-7743-4ADF-8890-45D189F7BA45}.Debug|Any CPU.ActiveCfg = Debug|x64
		{2A47AFF8-7743-4ADF-8890-45D189F7BA45}.Debug|Any CPU.Build.0 = Debug|x64
		{2A47AFF8-7743-4ADF-8890-45D189F7BA45}.Debug|ARM.ActiveCfg = Debug|Any CPU
		{2A47AFF8-7743-4ADF-8890-45D189F7BA45}.Debug|ARM.Build.0 = Debug|Any CPU
		{2A47AFF8-7743-4ADF-8890-45D189F7BA45}.Debug|ARM64.ActiveCfg = Debug|Any CPU
		{2A47AFF8-7743-4ADF-8890-45D189F7BA45}.Debug|ARM64.Build.0 = Debug|Any CPU
		{2A47AFF8-7743-4ADF-8890-45D189F7BA45}.Debug|x64.ActiveCfg = Debug|Any CPU
		{2A47AFF8-7743-4ADF-8890-45D189F7BA45}.Debug|x64.Build.0 = Debug|Any CPU
		{2A47AFF8-7743-4ADF-8890-45D189F7BA45}.Debug|x86.ActiveCfg = Debug|Any CPU
		{2A47AFF8-7743-4ADF-8890-45D189F7BA45}.Debug|x86.Build.0 = Debug|Any CPU
		{2A47AFF8-7743-4ADF-8890-45D189F7BA45}.Release|Any CPU.ActiveCfg = Release|Any CPU
		{2A47AFF8-7743-4ADF-8890-45D189F7BA45}.Release|Any CPU.Build.0 = Release|Any CPU
		{2A47AFF8-7743-4ADF-8890-45D189F7BA45}.Release|ARM.ActiveCfg = Release|Any CPU
		{2A47AFF8-7743-4ADF-8890-45D189F7BA45}.Release|ARM.Build.0 = Release|Any CPU
		{2A47AFF8-7743-4ADF-8890-45D189F7BA45}.Release|ARM64.ActiveCfg = Release|Any CPU
		{2A47AFF8-7743-4ADF-8890-45D189F7BA45}.Release|ARM64.Build.0 = Release|Any CPU
		{2A47AFF8-7743-4ADF-8890-45D189F7BA45}.Release|x64.ActiveCfg = Release|Any CPU
		{2A47AFF8-7743-4ADF-8890-45D189F7BA45}.Release|x64.Build.0 = Release|Any CPU
		{2A47AFF8-7743-4ADF-8890-45D189F7BA45}.Release|x86.ActiveCfg = Release|Any CPU
		{2A47AFF8-7743-4ADF-8890-45D189F7BA45}.Release|x86.Build.0 = Release|Any CPU
		{F2B97E15-9EC8-49B6-8EAD-6C8E1D933518}.Debug|Any CPU.ActiveCfg = Debug|Any CPU
		{F2B97E15-9EC8-49B6-8EAD-6C8E1D933518}.Debug|Any CPU.Build.0 = Debug|Any CPU
		{F2B97E15-9EC8-49B6-8EAD-6C8E1D933518}.Debug|ARM.ActiveCfg = Debug|Any CPU
		{F2B97E15-9EC8-49B6-8EAD-6C8E1D933518}.Debug|ARM.Build.0 = Debug|Any CPU
		{F2B97E15-9EC8-49B6-8EAD-6C8E1D933518}.Debug|ARM64.ActiveCfg = Debug|Any CPU
		{F2B97E15-9EC8-49B6-8EAD-6C8E1D933518}.Debug|ARM64.Build.0 = Debug|Any CPU
		{F2B97E15-9EC8-49B6-8EAD-6C8E1D933518}.Debug|x64.ActiveCfg = Debug|Any CPU
		{F2B97E15-9EC8-49B6-8EAD-6C8E1D933518}.Debug|x64.Build.0 = Debug|Any CPU
		{F2B97E15-9EC8-49B6-8EAD-6C8E1D933518}.Debug|x86.ActiveCfg = Debug|Any CPU
		{F2B97E15-9EC8-49B6-8EAD-6C8E1D933518}.Debug|x86.Build.0 = Debug|Any CPU
		{F2B97E15-9EC8-49B6-8EAD-6C8E1D933518}.Release|Any CPU.ActiveCfg = Release|Any CPU
		{F2B97E15-9EC8-49B6-8EAD-6C8E1D933518}.Release|Any CPU.Build.0 = Release|Any CPU
		{F2B97E15-9EC8-49B6-8EAD-6C8E1D933518}.Release|ARM.ActiveCfg = Release|Any CPU
		{F2B97E15-9EC8-49B6-8EAD-6C8E1D933518}.Release|ARM.Build.0 = Release|Any CPU
		{F2B97E15-9EC8-49B6-8EAD-6C8E1D933518}.Release|ARM64.ActiveCfg = Release|Any CPU
		{F2B97E15-9EC8-49B6-8EAD-6C8E1D933518}.Release|ARM64.Build.0 = Release|Any CPU
		{F2B97E15-9EC8-49B6-8EAD-6C8E1D933518}.Release|x64.ActiveCfg = Release|Any CPU
		{F2B97E15-9EC8-49B6-8EAD-6C8E1D933518}.Release|x64.Build.0 = Release|Any CPU
		{F2B97E15-9EC8-49B6-8EAD-6C8E1D933518}.Release|x86.ActiveCfg = Release|Any CPU
		{F2B97E15-9EC8-49B6-8EAD-6C8E1D933518}.Release|x86.Build.0 = Release|Any CPU
		{8A4AB453-39C7-4603-8A9C-63721C6F2167}.Debug|Any CPU.ActiveCfg = Debug|Any CPU
		{8A4AB453-39C7-4603-8A9C-63721C6F2167}.Debug|Any CPU.Build.0 = Debug|Any CPU
		{8A4AB453-39C7-4603-8A9C-63721C6F2167}.Debug|ARM.ActiveCfg = Debug|Any CPU
		{8A4AB453-39C7-4603-8A9C-63721C6F2167}.Debug|ARM.Build.0 = Debug|Any CPU
		{8A4AB453-39C7-4603-8A9C-63721C6F2167}.Debug|ARM64.ActiveCfg = Debug|Any CPU
		{8A4AB453-39C7-4603-8A9C-63721C6F2167}.Debug|ARM64.Build.0 = Debug|Any CPU
		{8A4AB453-39C7-4603-8A9C-63721C6F2167}.Debug|x64.ActiveCfg = Debug|Any CPU
		{8A4AB453-39C7-4603-8A9C-63721C6F2167}.Debug|x64.Build.0 = Debug|Any CPU
		{8A4AB453-39C7-4603-8A9C-63721C6F2167}.Debug|x86.ActiveCfg = Debug|Any CPU
		{8A4AB453-39C7-4603-8A9C-63721C6F2167}.Debug|x86.Build.0 = Debug|Any CPU
		{8A4AB453-39C7-4603-8A9C-63721C6F2167}.Release|Any CPU.ActiveCfg = Release|Any CPU
		{8A4AB453-39C7-4603-8A9C-63721C6F2167}.Release|Any CPU.Build.0 = Release|Any CPU
		{8A4AB453-39C7-4603-8A9C-63721C6F2167}.Release|ARM.ActiveCfg = Release|Any CPU
		{8A4AB453-39C7-4603-8A9C-63721C6F2167}.Release|ARM.Build.0 = Release|Any CPU
		{8A4AB453-39C7-4603-8A9C-63721C6F2167}.Release|ARM64.ActiveCfg = Release|Any CPU
		{8A4AB453-39C7-4603-8A9C-63721C6F2167}.Release|ARM64.Build.0 = Release|Any CPU
		{8A4AB453-39C7-4603-8A9C-63721C6F2167}.Release|x64.ActiveCfg = Release|Any CPU
		{8A4AB453-39C7-4603-8A9C-63721C6F2167}.Release|x64.Build.0 = Release|Any CPU
		{8A4AB453-39C7-4603-8A9C-63721C6F2167}.Release|x86.ActiveCfg = Release|Any CPU
		{8A4AB453-39C7-4603-8A9C-63721C6F2167}.Release|x86.Build.0 = Release|Any CPU
		{0BEEB286-23CB-49CF-9924-BBEB847073DA}.Debug|Any CPU.ActiveCfg = Debug|Any CPU
		{0BEEB286-23CB-49CF-9924-BBEB847073DA}.Debug|Any CPU.Build.0 = Debug|Any CPU
		{0BEEB286-23CB-49CF-9924-BBEB847073DA}.Debug|ARM.ActiveCfg = Debug|Any CPU
		{0BEEB286-23CB-49CF-9924-BBEB847073DA}.Debug|ARM.Build.0 = Debug|Any CPU
		{0BEEB286-23CB-49CF-9924-BBEB847073DA}.Debug|ARM64.ActiveCfg = Debug|Any CPU
		{0BEEB286-23CB-49CF-9924-BBEB847073DA}.Debug|ARM64.Build.0 = Debug|Any CPU
		{0BEEB286-23CB-49CF-9924-BBEB847073DA}.Debug|x64.ActiveCfg = Debug|Any CPU
		{0BEEB286-23CB-49CF-9924-BBEB847073DA}.Debug|x64.Build.0 = Debug|Any CPU
		{0BEEB286-23CB-49CF-9924-BBEB847073DA}.Debug|x86.ActiveCfg = Debug|Any CPU
		{0BEEB286-23CB-49CF-9924-BBEB847073DA}.Debug|x86.Build.0 = Debug|Any CPU
		{0BEEB286-23CB-49CF-9924-BBEB847073DA}.Release|Any CPU.ActiveCfg = Release|Any CPU
		{0BEEB286-23CB-49CF-9924-BBEB847073DA}.Release|Any CPU.Build.0 = Release|Any CPU
		{0BEEB286-23CB-49CF-9924-BBEB847073DA}.Release|ARM.ActiveCfg = Release|Any CPU
		{0BEEB286-23CB-49CF-9924-BBEB847073DA}.Release|ARM.Build.0 = Release|Any CPU
		{0BEEB286-23CB-49CF-9924-BBEB847073DA}.Release|ARM64.ActiveCfg = Release|Any CPU
		{0BEEB286-23CB-49CF-9924-BBEB847073DA}.Release|ARM64.Build.0 = Release|Any CPU
		{0BEEB286-23CB-49CF-9924-BBEB847073DA}.Release|x64.ActiveCfg = Release|Any CPU
		{0BEEB286-23CB-49CF-9924-BBEB847073DA}.Release|x64.Build.0 = Release|Any CPU
		{0BEEB286-23CB-49CF-9924-BBEB847073DA}.Release|x86.ActiveCfg = Release|Any CPU
		{0BEEB286-23CB-49CF-9924-BBEB847073DA}.Release|x86.Build.0 = Release|Any CPU
		{240A74AF-EDE0-4C47-97E0-F485AFEB69BF}.Debug|Any CPU.ActiveCfg = Debug|Any CPU
		{240A74AF-EDE0-4C47-97E0-F485AFEB69BF}.Debug|Any CPU.Build.0 = Debug|Any CPU
		{240A74AF-EDE0-4C47-97E0-F485AFEB69BF}.Debug|ARM.ActiveCfg = Debug|Any CPU
		{240A74AF-EDE0-4C47-97E0-F485AFEB69BF}.Debug|ARM.Build.0 = Debug|Any CPU
		{240A74AF-EDE0-4C47-97E0-F485AFEB69BF}.Debug|ARM64.ActiveCfg = Debug|Any CPU
		{240A74AF-EDE0-4C47-97E0-F485AFEB69BF}.Debug|ARM64.Build.0 = Debug|Any CPU
		{240A74AF-EDE0-4C47-97E0-F485AFEB69BF}.Debug|x64.ActiveCfg = Debug|Any CPU
		{240A74AF-EDE0-4C47-97E0-F485AFEB69BF}.Debug|x64.Build.0 = Debug|Any CPU
		{240A74AF-EDE0-4C47-97E0-F485AFEB69BF}.Debug|x86.ActiveCfg = Debug|Any CPU
		{240A74AF-EDE0-4C47-97E0-F485AFEB69BF}.Debug|x86.Build.0 = Debug|Any CPU
		{240A74AF-EDE0-4C47-97E0-F485AFEB69BF}.Release|Any CPU.ActiveCfg = Release|Any CPU
		{240A74AF-EDE0-4C47-97E0-F485AFEB69BF}.Release|Any CPU.Build.0 = Release|Any CPU
		{240A74AF-EDE0-4C47-97E0-F485AFEB69BF}.Release|ARM.ActiveCfg = Release|Any CPU
		{240A74AF-EDE0-4C47-97E0-F485AFEB69BF}.Release|ARM.Build.0 = Release|Any CPU
		{240A74AF-EDE0-4C47-97E0-F485AFEB69BF}.Release|ARM64.ActiveCfg = Release|Any CPU
		{240A74AF-EDE0-4C47-97E0-F485AFEB69BF}.Release|ARM64.Build.0 = Release|Any CPU
		{240A74AF-EDE0-4C47-97E0-F485AFEB69BF}.Release|x64.ActiveCfg = Release|Any CPU
		{240A74AF-EDE0-4C47-97E0-F485AFEB69BF}.Release|x64.Build.0 = Release|Any CPU
		{240A74AF-EDE0-4C47-97E0-F485AFEB69BF}.Release|x86.ActiveCfg = Release|Any CPU
		{240A74AF-EDE0-4C47-97E0-F485AFEB69BF}.Release|x86.Build.0 = Release|Any CPU
		{9342BC75-2640-44B9-B3D9-9CEF16362481}.Debug|Any CPU.ActiveCfg = Debug|Any CPU
		{9342BC75-2640-44B9-B3D9-9CEF16362481}.Debug|Any CPU.Build.0 = Debug|Any CPU
		{9342BC75-2640-44B9-B3D9-9CEF16362481}.Debug|ARM.ActiveCfg = Debug|Any CPU
		{9342BC75-2640-44B9-B3D9-9CEF16362481}.Debug|ARM.Build.0 = Debug|Any CPU
		{9342BC75-2640-44B9-B3D9-9CEF16362481}.Debug|ARM64.ActiveCfg = Debug|Any CPU
		{9342BC75-2640-44B9-B3D9-9CEF16362481}.Debug|ARM64.Build.0 = Debug|Any CPU
		{9342BC75-2640-44B9-B3D9-9CEF16362481}.Debug|x64.ActiveCfg = Debug|Any CPU
		{9342BC75-2640-44B9-B3D9-9CEF16362481}.Debug|x64.Build.0 = Debug|Any CPU
		{9342BC75-2640-44B9-B3D9-9CEF16362481}.Debug|x86.ActiveCfg = Debug|Any CPU
		{9342BC75-2640-44B9-B3D9-9CEF16362481}.Debug|x86.Build.0 = Debug|Any CPU
		{9342BC75-2640-44B9-B3D9-9CEF16362481}.Release|Any CPU.ActiveCfg = Release|Any CPU
		{9342BC75-2640-44B9-B3D9-9CEF16362481}.Release|Any CPU.Build.0 = Release|Any CPU
		{9342BC75-2640-44B9-B3D9-9CEF16362481}.Release|ARM.ActiveCfg = Release|Any CPU
		{9342BC75-2640-44B9-B3D9-9CEF16362481}.Release|ARM.Build.0 = Release|Any CPU
		{9342BC75-2640-44B9-B3D9-9CEF16362481}.Release|ARM64.ActiveCfg = Release|Any CPU
		{9342BC75-2640-44B9-B3D9-9CEF16362481}.Release|ARM64.Build.0 = Release|Any CPU
		{9342BC75-2640-44B9-B3D9-9CEF16362481}.Release|x64.ActiveCfg = Release|Any CPU
		{9342BC75-2640-44B9-B3D9-9CEF16362481}.Release|x64.Build.0 = Release|Any CPU
		{9342BC75-2640-44B9-B3D9-9CEF16362481}.Release|x86.ActiveCfg = Release|Any CPU
		{9342BC75-2640-44B9-B3D9-9CEF16362481}.Release|x86.Build.0 = Release|Any CPU
		{70DB019A-283F-4AE4-8174-3C448AC7D4F6}.Debug|Any CPU.ActiveCfg = Debug|Any CPU
		{70DB019A-283F-4AE4-8174-3C448AC7D4F6}.Debug|Any CPU.Build.0 = Debug|Any CPU
		{70DB019A-283F-4AE4-8174-3C448AC7D4F6}.Debug|ARM.ActiveCfg = Debug|Any CPU
		{70DB019A-283F-4AE4-8174-3C448AC7D4F6}.Debug|ARM.Build.0 = Debug|Any CPU
		{70DB019A-283F-4AE4-8174-3C448AC7D4F6}.Debug|ARM64.ActiveCfg = Debug|Any CPU
		{70DB019A-283F-4AE4-8174-3C448AC7D4F6}.Debug|ARM64.Build.0 = Debug|Any CPU
		{70DB019A-283F-4AE4-8174-3C448AC7D4F6}.Debug|x64.ActiveCfg = Debug|Any CPU
		{70DB019A-283F-4AE4-8174-3C448AC7D4F6}.Debug|x64.Build.0 = Debug|Any CPU
		{70DB019A-283F-4AE4-8174-3C448AC7D4F6}.Debug|x86.ActiveCfg = Debug|Any CPU
		{70DB019A-283F-4AE4-8174-3C448AC7D4F6}.Debug|x86.Build.0 = Debug|Any CPU
		{70DB019A-283F-4AE4-8174-3C448AC7D4F6}.Release|Any CPU.ActiveCfg = Release|Any CPU
		{70DB019A-283F-4AE4-8174-3C448AC7D4F6}.Release|Any CPU.Build.0 = Release|Any CPU
		{70DB019A-283F-4AE4-8174-3C448AC7D4F6}.Release|ARM.ActiveCfg = Release|Any CPU
		{70DB019A-283F-4AE4-8174-3C448AC7D4F6}.Release|ARM.Build.0 = Release|Any CPU
		{70DB019A-283F-4AE4-8174-3C448AC7D4F6}.Release|ARM64.ActiveCfg = Release|Any CPU
		{70DB019A-283F-4AE4-8174-3C448AC7D4F6}.Release|ARM64.Build.0 = Release|Any CPU
		{70DB019A-283F-4AE4-8174-3C448AC7D4F6}.Release|x64.ActiveCfg = Release|Any CPU
		{70DB019A-283F-4AE4-8174-3C448AC7D4F6}.Release|x64.Build.0 = Release|Any CPU
		{70DB019A-283F-4AE4-8174-3C448AC7D4F6}.Release|x86.ActiveCfg = Release|Any CPU
		{70DB019A-283F-4AE4-8174-3C448AC7D4F6}.Release|x86.Build.0 = Release|Any CPU
		{31301F8D-E330-4E33-996C-D0AFA093DCD8}.Debug|Any CPU.ActiveCfg = Debug|Any CPU
		{31301F8D-E330-4E33-996C-D0AFA093DCD8}.Debug|Any CPU.Build.0 = Debug|Any CPU
		{31301F8D-E330-4E33-996C-D0AFA093DCD8}.Debug|ARM.ActiveCfg = Debug|Any CPU
		{31301F8D-E330-4E33-996C-D0AFA093DCD8}.Debug|ARM.Build.0 = Debug|Any CPU
		{31301F8D-E330-4E33-996C-D0AFA093DCD8}.Debug|ARM64.ActiveCfg = Debug|Any CPU
		{31301F8D-E330-4E33-996C-D0AFA093DCD8}.Debug|ARM64.Build.0 = Debug|Any CPU
		{31301F8D-E330-4E33-996C-D0AFA093DCD8}.Debug|x64.ActiveCfg = Debug|Any CPU
		{31301F8D-E330-4E33-996C-D0AFA093DCD8}.Debug|x64.Build.0 = Debug|Any CPU
		{31301F8D-E330-4E33-996C-D0AFA093DCD8}.Debug|x86.ActiveCfg = Debug|Any CPU
		{31301F8D-E330-4E33-996C-D0AFA093DCD8}.Debug|x86.Build.0 = Debug|Any CPU
		{31301F8D-E330-4E33-996C-D0AFA093DCD8}.Release|Any CPU.ActiveCfg = Release|Any CPU
		{31301F8D-E330-4E33-996C-D0AFA093DCD8}.Release|Any CPU.Build.0 = Release|Any CPU
		{31301F8D-E330-4E33-996C-D0AFA093DCD8}.Release|ARM.ActiveCfg = Release|Any CPU
		{31301F8D-E330-4E33-996C-D0AFA093DCD8}.Release|ARM.Build.0 = Release|Any CPU
		{31301F8D-E330-4E33-996C-D0AFA093DCD8}.Release|ARM64.ActiveCfg = Release|Any CPU
		{31301F8D-E330-4E33-996C-D0AFA093DCD8}.Release|ARM64.Build.0 = Release|Any CPU
		{31301F8D-E330-4E33-996C-D0AFA093DCD8}.Release|x64.ActiveCfg = Release|Any CPU
		{31301F8D-E330-4E33-996C-D0AFA093DCD8}.Release|x64.Build.0 = Release|Any CPU
		{31301F8D-E330-4E33-996C-D0AFA093DCD8}.Release|x86.ActiveCfg = Release|Any CPU
		{31301F8D-E330-4E33-996C-D0AFA093DCD8}.Release|x86.Build.0 = Release|Any CPU
		{BB0E5078-E0F8-43D5-8620-E11425DCB3F7}.Debug|Any CPU.ActiveCfg = Debug|Any CPU
		{BB0E5078-E0F8-43D5-8620-E11425DCB3F7}.Debug|Any CPU.Build.0 = Debug|Any CPU
		{BB0E5078-E0F8-43D5-8620-E11425DCB3F7}.Debug|ARM.ActiveCfg = Debug|Any CPU
		{BB0E5078-E0F8-43D5-8620-E11425DCB3F7}.Debug|ARM.Build.0 = Debug|Any CPU
		{BB0E5078-E0F8-43D5-8620-E11425DCB3F7}.Debug|ARM64.ActiveCfg = Debug|Any CPU
		{BB0E5078-E0F8-43D5-8620-E11425DCB3F7}.Debug|ARM64.Build.0 = Debug|Any CPU
		{BB0E5078-E0F8-43D5-8620-E11425DCB3F7}.Debug|x64.ActiveCfg = Debug|Any CPU
		{BB0E5078-E0F8-43D5-8620-E11425DCB3F7}.Debug|x64.Build.0 = Debug|Any CPU
		{BB0E5078-E0F8-43D5-8620-E11425DCB3F7}.Debug|x86.ActiveCfg = Debug|Any CPU
		{BB0E5078-E0F8-43D5-8620-E11425DCB3F7}.Debug|x86.Build.0 = Debug|Any CPU
		{BB0E5078-E0F8-43D5-8620-E11425DCB3F7}.Release|Any CPU.ActiveCfg = Release|Any CPU
		{BB0E5078-E0F8-43D5-8620-E11425DCB3F7}.Release|Any CPU.Build.0 = Release|Any CPU
		{BB0E5078-E0F8-43D5-8620-E11425DCB3F7}.Release|ARM.ActiveCfg = Release|Any CPU
		{BB0E5078-E0F8-43D5-8620-E11425DCB3F7}.Release|ARM.Build.0 = Release|Any CPU
		{BB0E5078-E0F8-43D5-8620-E11425DCB3F7}.Release|ARM64.ActiveCfg = Release|Any CPU
		{BB0E5078-E0F8-43D5-8620-E11425DCB3F7}.Release|ARM64.Build.0 = Release|Any CPU
		{BB0E5078-E0F8-43D5-8620-E11425DCB3F7}.Release|x64.ActiveCfg = Release|Any CPU
		{BB0E5078-E0F8-43D5-8620-E11425DCB3F7}.Release|x64.Build.0 = Release|Any CPU
		{BB0E5078-E0F8-43D5-8620-E11425DCB3F7}.Release|x86.ActiveCfg = Release|Any CPU
		{BB0E5078-E0F8-43D5-8620-E11425DCB3F7}.Release|x86.Build.0 = Release|Any CPU
		{8CE8B8CC-8A00-405C-A33C-E2ED1DCBE5DA}.Debug|Any CPU.ActiveCfg = Debug|Any CPU
		{8CE8B8CC-8A00-405C-A33C-E2ED1DCBE5DA}.Debug|Any CPU.Build.0 = Debug|Any CPU
		{8CE8B8CC-8A00-405C-A33C-E2ED1DCBE5DA}.Debug|ARM.ActiveCfg = Debug|Any CPU
		{8CE8B8CC-8A00-405C-A33C-E2ED1DCBE5DA}.Debug|ARM.Build.0 = Debug|Any CPU
		{8CE8B8CC-8A00-405C-A33C-E2ED1DCBE5DA}.Debug|ARM64.ActiveCfg = Debug|Any CPU
		{8CE8B8CC-8A00-405C-A33C-E2ED1DCBE5DA}.Debug|ARM64.Build.0 = Debug|Any CPU
		{8CE8B8CC-8A00-405C-A33C-E2ED1DCBE5DA}.Debug|x64.ActiveCfg = Debug|Any CPU
		{8CE8B8CC-8A00-405C-A33C-E2ED1DCBE5DA}.Debug|x64.Build.0 = Debug|Any CPU
		{8CE8B8CC-8A00-405C-A33C-E2ED1DCBE5DA}.Debug|x86.ActiveCfg = Debug|Any CPU
		{8CE8B8CC-8A00-405C-A33C-E2ED1DCBE5DA}.Debug|x86.Build.0 = Debug|Any CPU
		{8CE8B8CC-8A00-405C-A33C-E2ED1DCBE5DA}.Release|Any CPU.ActiveCfg = Release|Any CPU
		{8CE8B8CC-8A00-405C-A33C-E2ED1DCBE5DA}.Release|Any CPU.Build.0 = Release|Any CPU
		{8CE8B8CC-8A00-405C-A33C-E2ED1DCBE5DA}.Release|ARM.ActiveCfg = Release|Any CPU
		{8CE8B8CC-8A00-405C-A33C-E2ED1DCBE5DA}.Release|ARM.Build.0 = Release|Any CPU
		{8CE8B8CC-8A00-405C-A33C-E2ED1DCBE5DA}.Release|ARM64.ActiveCfg = Release|Any CPU
		{8CE8B8CC-8A00-405C-A33C-E2ED1DCBE5DA}.Release|ARM64.Build.0 = Release|Any CPU
		{8CE8B8CC-8A00-405C-A33C-E2ED1DCBE5DA}.Release|x64.ActiveCfg = Release|Any CPU
		{8CE8B8CC-8A00-405C-A33C-E2ED1DCBE5DA}.Release|x64.Build.0 = Release|Any CPU
		{8CE8B8CC-8A00-405C-A33C-E2ED1DCBE5DA}.Release|x86.ActiveCfg = Release|Any CPU
		{8CE8B8CC-8A00-405C-A33C-E2ED1DCBE5DA}.Release|x86.Build.0 = Release|Any CPU
		{90B1433F-DC89-4FDB-8096-065836D093AE}.Debug|Any CPU.ActiveCfg = Debug|Any CPU
		{90B1433F-DC89-4FDB-8096-065836D093AE}.Debug|Any CPU.Build.0 = Debug|Any CPU
		{90B1433F-DC89-4FDB-8096-065836D093AE}.Debug|ARM.ActiveCfg = Debug|Any CPU
		{90B1433F-DC89-4FDB-8096-065836D093AE}.Debug|ARM.Build.0 = Debug|Any CPU
		{90B1433F-DC89-4FDB-8096-065836D093AE}.Debug|ARM64.ActiveCfg = Debug|Any CPU
		{90B1433F-DC89-4FDB-8096-065836D093AE}.Debug|ARM64.Build.0 = Debug|Any CPU
		{90B1433F-DC89-4FDB-8096-065836D093AE}.Debug|x64.ActiveCfg = Debug|Any CPU
		{90B1433F-DC89-4FDB-8096-065836D093AE}.Debug|x64.Build.0 = Debug|Any CPU
		{90B1433F-DC89-4FDB-8096-065836D093AE}.Debug|x86.ActiveCfg = Debug|Any CPU
		{90B1433F-DC89-4FDB-8096-065836D093AE}.Debug|x86.Build.0 = Debug|Any CPU
		{90B1433F-DC89-4FDB-8096-065836D093AE}.Release|Any CPU.ActiveCfg = Release|Any CPU
		{90B1433F-DC89-4FDB-8096-065836D093AE}.Release|Any CPU.Build.0 = Release|Any CPU
		{90B1433F-DC89-4FDB-8096-065836D093AE}.Release|ARM.ActiveCfg = Release|Any CPU
		{90B1433F-DC89-4FDB-8096-065836D093AE}.Release|ARM.Build.0 = Release|Any CPU
		{90B1433F-DC89-4FDB-8096-065836D093AE}.Release|ARM64.ActiveCfg = Release|Any CPU
		{90B1433F-DC89-4FDB-8096-065836D093AE}.Release|ARM64.Build.0 = Release|Any CPU
		{90B1433F-DC89-4FDB-8096-065836D093AE}.Release|x64.ActiveCfg = Release|Any CPU
		{90B1433F-DC89-4FDB-8096-065836D093AE}.Release|x64.Build.0 = Release|Any CPU
		{90B1433F-DC89-4FDB-8096-065836D093AE}.Release|x86.ActiveCfg = Release|Any CPU
		{90B1433F-DC89-4FDB-8096-065836D093AE}.Release|x86.Build.0 = Release|Any CPU
	EndGlobalSection
	GlobalSection(SolutionProperties) = preSolution
		HideSolutionNode = FALSE
	EndGlobalSection
	GlobalSection(NestedProjects) = preSolution
		{F9B0F837-5EB0-42B1-9020-4214D038C0D3} = {11CE61A4-3809-46B1-AE2C-E3638F50D877}
		{F9B0F837-5EB0-42B1-9020-4214D038C0D5} = {11CE61A4-3809-46B1-AE2C-E3638F50D877}
		{F9B0F837-5EB0-42B1-9020-4214D038C0D6} = {11CE61A4-3809-46B1-AE2C-E3638F50D877}
		{F9B0F837-5EB0-42B1-9020-4214D038C0D7} = {11CE61A4-3809-46B1-AE2C-E3638F50D877}
		{F9B0F837-5EB0-42B1-9020-4214D038C0D8} = {11CE61A4-3809-46B1-AE2C-E3638F50D877}
		{F9B0F837-5EB0-42B1-9020-4214D038C0D9} = {11CE61A4-3809-46B1-AE2C-E3638F50D877}
		{F9B0F837-5EB0-42B1-9020-4214D038C0DA} = {11CE61A4-3809-46B1-AE2C-E3638F50D877}
		{F9B0F837-5EB0-42B1-9020-4214D038C0DB} = {11CE61A4-3809-46B1-AE2C-E3638F50D877}
		{F9B0F837-5EB0-42B1-9020-4214D038C0DC} = {11CE61A4-3809-46B1-AE2C-E3638F50D877}
		{F9B0F837-5EB0-42B1-9020-4214D038C0DD} = {11CE61A4-3809-46B1-AE2C-E3638F50D877}
		{1AD8BB6B-5896-469C-B805-6CC9B98367AE} = {11CE61A4-3809-46B1-AE2C-E3638F50D877}
		{4DD21CF7-3B94-4336-9774-AC09C552896B} = {11CE61A4-3809-46B1-AE2C-E3638F50D877}
		{2A47AFF8-7743-4ADF-8890-45D189F7BA45} = {11CE61A4-3809-46B1-AE2C-E3638F50D877}
		{F2B97E15-9EC8-49B6-8EAD-6C8E1D933518} = {11CE61A4-3809-46B1-AE2C-E3638F50D877}
		{0BEEB286-23CB-49CF-9924-BBEB847073DA} = {11CE61A4-3809-46B1-AE2C-E3638F50D877}
		{9342BC75-2640-44B9-B3D9-9CEF16362481} = {11CE61A4-3809-46B1-AE2C-E3638F50D877}
		{70DB019A-283F-4AE4-8174-3C448AC7D4F6} = {11CE61A4-3809-46B1-AE2C-E3638F50D877}
		{31301F8D-E330-4E33-996C-D0AFA093DCD8} = {11CE61A4-3809-46B1-AE2C-E3638F50D877}
		{8CE8B8CC-8A00-405C-A33C-E2ED1DCBE5DA} = {11CE61A4-3809-46B1-AE2C-E3638F50D877}
		{90B1433F-DC89-4FDB-8096-065836D093AE} = {11CE61A4-3809-46B1-AE2C-E3638F50D877}
	EndGlobalSection
	GlobalSection(ExtensibilityGlobals) = postSolution
		SolutionGuid = {815B4552-798B-4295-9A3D-E4945B71B037}
	EndGlobalSection
EndGlobal
